PODS:
  - Alamofire (5.0.5)
  - AlamofireImage (4.0.3):
    - Alamofire (< 6.0.0, >= 5.0.2)
  - AlamofireObjectMapper (6.3.0):
    - Alamofire (~> 5.0.0)
    - ObjectMapper (~> 3.5.2)
  - CropViewController (2.5.2)
  - IQLabelView (0.2.1)
  - Movin (1.2.0)
  - Nimble (8.0.5)
  - NVActivityIndicatorView (4.8.0):
    - NVActivityIndicatorView/Presenter (= 4.8.0)
  - NVActivityIndicatorView/Presenter (4.8.0)
  - ObjectMapper (3.5.2)
  - OHHTTPStubs/Core (9.0.0)
  - OHHTTPStubs/Default (9.0.0):
    - OHHTTPStubs/Core
    - OHHTTPStubs/JSON
    - OHHTTPStubs/NSURLSession
    - OHHTTPStubs/OHPathHelpers
  - OHHTTPStubs/JSON (9.0.0):
    - OHHTTPStubs/Core
  - OHHTTPStubs/NSURLSession (9.0.0):
    - OHHTTPStubs/Core
  - OHHTTPStubs/OHPathHelpers (9.0.0)
  - OHHTTPStubs/Swift (9.0.0):
    - OHHTTPStubs/Default
  - Quick (2.2.0)
  - QuickLayout (3.0.0)
  - SwiftEntryKit (1.2.3):
    - QuickLayout (= 3.0.0)
  - XCDYouTubeKit (2.12.0)

DEPENDENCIES:
  - Alamofire (~> 5.0)
  - AlamofireImage (~> 4.0)
  - AlamofireObjectMapper (from `https://github.com/UnsereHausapotheke/AlamofireObjectMapper.git`)
  - CropViewController
  - IQLabelView (~> 0.2.1)
  - Movin
  - Nimble
  - NVActivityIndicatorView
  - ObjectMapper (~> 3.5.2)
  - OHHTTPStubs/Swift
  - Quick
  - SwiftEntryKit (= 1.2.3)
  - XCDYouTubeKit (~> 2.12)

SPEC REPOS:
  trunk:
    - Alamofire
    - AlamofireImage
    - CropViewController
    - IQLabelView
    - Movin
    - Nimble
    - NVActivityIndicatorView
    - ObjectMapper
    - OHHTTPStubs
    - Quick
    - QuickLayout
    - SwiftEntryKit
    - XCDYouTubeKit

EXTERNAL SOURCES:
  AlamofireObjectMapper:
    :git: https://github.com/UnsereHausapotheke/AlamofireObjectMapper.git

CHECKOUT OPTIONS:
  AlamofireObjectMapper:
    :commit: bbc5b9903038daddcc1fdaa6253daf79113109fc
    :git: https://github.com/UnsereHausapotheke/AlamofireObjectMapper.git

SPEC CHECKSUMS:
  Alamofire: df2f8f826963b08b9a870791ad48e07a10090b2e
  AlamofireImage: 3d1a2010519e58675318735580eb856e88840ff7
  AlamofireObjectMapper: 1aa0d2936b8b663bf828e5ca6b48f847ec75cc96
  CropViewController: 1aac40093c5739e60d992b04724a55d12a689a4c
  IQLabelView: 00f36d868f6dfb07e45f737acaa2b7d355d3182f
  Movin: 02a488d93913e46de77774d6a2cc2fa0eec83760
  Nimble: 4ab1aeb9b45553c75b9687196b0fa0713170a332
  NVActivityIndicatorView: d24b7ebcf80af5dcd994adb650e2b6c93379270f
  ObjectMapper: b53ae947d370bf89423e86be7d4e2d2b2a8d3f40
  OHHTTPStubs: cb29d2a9d09a828ecb93349a2b0c64f99e0db89f
  Quick: 7fb19e13be07b5dfb3b90d4f9824c855a11af40e
  QuickLayout: 07b45a72b10083fee3f095990cfed1c1e7b27f0a
  SwiftEntryKit: 340713c2e4a6662c5149629990bf1088bf5f0389
  XCDYouTubeKit: cdad9e696f991aac2739c5b25586c81f1301ba30

PODFILE CHECKSUM: 02e98203fe34ecd4f27e8f4252aa704d9e64f89c

COCOAPODS: 1.9.0
