// !$*UTF8*$!
{
	archiveVersion = 1;
	classes = {
	};
	objectVersion = 51;
	objects = {

/* Begin PBXBuildFile section */
		6C72767605DF172FEBC195BB /* Pods_Pengsoo_Tube.framework in Frameworks */ = {isa = PBXBuildFile; fileRef = 1057ADE1B03F83881288FFED /* Pods_Pengsoo_Tube.framework */; };
		BDB698328EDB81CF59C14F87 /* Pods_Pengsoo_TubeTests.framework in Frameworks */ = {isa = PBXBuildFile; fileRef = 1DED306D22B0E20A4F1E80D1 /* Pods_Pengsoo_TubeTests.framework */; };
		FA015DEE242C6A15007CBDBC /* HomeTableViewCell.swift in Sources */ = {isa = PBXBuildFile; fileRef = FA015DED242C6A15007CBDBC /* HomeTableViewCell.swift */; };
		FA13DC11242C7CE20031826A /* InsetLabel.swift in Sources */ = {isa = PBXBuildFile; fileRef = FA13DC10242C7CE20031826A /* InsetLabel.swift */; };
		FA1A162F2429FD6D00740ADE /* MypageViewModel.swift in Sources */ = {isa = PBXBuildFile; fileRef = FA1A162E2429FD6D00740ADE /* MypageViewModel.swift */; };
		FA1A166A242ADCE300740ADE /* Recent+CoreDataProperties.swift in Sources */ = {isa = PBXBuildFile; fileRef = FA1A1669242ADCE300740ADE /* Recent+CoreDataProperties.swift */; };
		FA1A166B242ADCE300740ADE /* MyVideo+CoreDataClass.swift in Sources */ = {isa = PBXBuildFile; fileRef = FA1A1665242ADCE200740ADE /* MyVideo+CoreDataClass.swift */; };
		FA1A166C242ADCE300740ADE /* Recent+CoreDataClass.swift in Sources */ = {isa = PBXBuildFile; fileRef = FA1A1668242ADCE300740ADE /* Recent+CoreDataClass.swift */; };
		FA1A166D242ADCE300740ADE /* Mylist+CoreDataProperties.swift in Sources */ = {isa = PBXBuildFile; fileRef = FA1A1664242ADCE200740ADE /* Mylist+CoreDataProperties.swift */; };
		FA1A166E242ADCE300740ADE /* Mylist+CoreDataClass.swift in Sources */ = {isa = PBXBuildFile; fileRef = FA1A1666242ADCE200740ADE /* Mylist+CoreDataClass.swift */; };
		FA1A166F242ADCE300740ADE /* MyVideo+CoreDataProperties.swift in Sources */ = {isa = PBXBuildFile; fileRef = FA1A1667242ADCE300740ADE /* MyVideo+CoreDataProperties.swift */; };
		FA1A1671242AE79C00740ADE /* MypageViewModelTests.swift in Sources */ = {isa = PBXBuildFile; fileRef = FA1A1670242AE79C00740ADE /* MypageViewModelTests.swift */; };
		FA1A1673242B099400740ADE /* MylistDetailViewModel.swift in Sources */ = {isa = PBXBuildFile; fileRef = FA1A1672242B099400740ADE /* MylistDetailViewModel.swift */; };
		FA1A1675242B169000740ADE /* MylistDetailViewModelTests.swift in Sources */ = {isa = PBXBuildFile; fileRef = FA1A1674242B169000740ADE /* MylistDetailViewModelTests.swift */; };
		FA80722D24302A860050BC8D /* TabBarCollectionViewCell.swift in Sources */ = {isa = PBXBuildFile; fileRef = FA80722C24302A860050BC8D /* TabBarCollectionViewCell.swift */; };
		FA80722F243031860050BC8D /* ContentViewController.swift in Sources */ = {isa = PBXBuildFile; fileRef = FA80722E243031860050BC8D /* ContentViewController.swift */; };
		FAD709F12429B11300E48D31 /* HeaderImageModel.swift in Sources */ = {isa = PBXBuildFile; fileRef = FAD709F02429B11300E48D31 /* HeaderImageModel.swift */; };
		FAD709F32429B14200E48D31 /* BrandingSettingsModel.swift in Sources */ = {isa = PBXBuildFile; fileRef = FAD709F22429B14200E48D31 /* BrandingSettingsModel.swift */; };
		FADEDB1424285E770071C1BB /* AppDelegate.swift in Sources */ = {isa = PBXBuildFile; fileRef = FADEDB1324285E770071C1BB /* AppDelegate.swift */; };
		FADEDB1624285E770071C1BB /* SceneDelegate.swift in Sources */ = {isa = PBXBuildFile; fileRef = FADEDB1524285E770071C1BB /* SceneDelegate.swift */; };
		FADEDB1824285E770071C1BB /* ViewController.swift in Sources */ = {isa = PBXBuildFile; fileRef = FADEDB1724285E770071C1BB /* ViewController.swift */; };
		FADEDB1B24285E770071C1BB /* Main.storyboard in Resources */ = {isa = PBXBuildFile; fileRef = FADEDB1924285E770071C1BB /* Main.storyboard */; };
		FADEDB1E24285E770071C1BB /* Pengsoo_Tube.xcdatamodeld in Sources */ = {isa = PBXBuildFile; fileRef = FADEDB1C24285E770071C1BB /* Pengsoo_Tube.xcdatamodeld */; };
		FADEDB2024285E7A0071C1BB /* Assets.xcassets in Resources */ = {isa = PBXBuildFile; fileRef = FADEDB1F24285E7A0071C1BB /* Assets.xcassets */; };
		FADEDB2324285E7A0071C1BB /* LaunchScreen.storyboard in Resources */ = {isa = PBXBuildFile; fileRef = FADEDB2124285E7A0071C1BB /* LaunchScreen.storyboard */; };
		FADEDB2E24285E7A0071C1BB /* HomeViewModelTests.swift in Sources */ = {isa = PBXBuildFile; fileRef = FADEDB2D24285E7A0071C1BB /* HomeViewModelTests.swift */; };
		FADEDB3C242868A20071C1BB /* HomeViewModel.swift in Sources */ = {isa = PBXBuildFile; fileRef = FADEDB3B242868A20071C1BB /* HomeViewModel.swift */; };
		FADEDB3E242868FB0071C1BB /* ViewModelDelegate.swift in Sources */ = {isa = PBXBuildFile; fileRef = FADEDB3D242868FB0071C1BB /* ViewModelDelegate.swift */; };
		FADEDB4024286A6D0071C1BB /* YoutubeListModel.swift in Sources */ = {isa = PBXBuildFile; fileRef = FADEDB3F24286A6D0071C1BB /* YoutubeListModel.swift */; };
		FADEDB4224286AD60071C1BB /* YoutubeSnippetModel.swift in Sources */ = {isa = PBXBuildFile; fileRef = FADEDB4124286AD60071C1BB /* YoutubeSnippetModel.swift */; };
		FADEDB4424286CE60071C1BB /* YoutubeVideoIdModel.swift in Sources */ = {isa = PBXBuildFile; fileRef = FADEDB4324286CE60071C1BB /* YoutubeVideoIdModel.swift */; };
		FADEDB4624286E130071C1BB /* YoutubeItemModel.swift in Sources */ = {isa = PBXBuildFile; fileRef = FADEDB4524286E130071C1BB /* YoutubeItemModel.swift */; };
		FADEDB4824286F040071C1BB /* YoutubeThumbnailsModel.swift in Sources */ = {isa = PBXBuildFile; fileRef = FADEDB4724286F040071C1BB /* YoutubeThumbnailsModel.swift */; };
		FADEDB4A24286F100071C1BB /* YoutubeThumbnailModel.swift in Sources */ = {isa = PBXBuildFile; fileRef = FADEDB4924286F100071C1BB /* YoutubeThumbnailModel.swift */; };
		FADEDB4D2428717A0071C1BB /* AppConstants.swift in Sources */ = {isa = PBXBuildFile; fileRef = FADEDB4C2428717A0071C1BB /* AppConstants.swift */; };
		FADEDB56242890DC0071C1BB /* pengsooList_page2.json in Resources */ = {isa = PBXBuildFile; fileRef = FADEDB53242890DB0071C1BB /* pengsooList_page2.json */; };
		FADEDB57242890DC0071C1BB /* pengsooList_page3.json in Resources */ = {isa = PBXBuildFile; fileRef = FADEDB54242890DB0071C1BB /* pengsooList_page3.json */; };
		FADEDB58242890DC0071C1BB /* pengsooList_page1.json in Resources */ = {isa = PBXBuildFile; fileRef = FADEDB55242890DC0071C1BB /* pengsooList_page1.json */; };
		FAE95C72242D85B8003AD3AD /* Util.swift in Sources */ = {isa = PBXBuildFile; fileRef = FAE95C71242D85B8003AD3AD /* Util.swift */; };
		FAF59120242CC13200EED00B /* ParentViewController.swift in Sources */ = {isa = PBXBuildFile; fileRef = FAF5911F242CC13200EED00B /* ParentViewController.swift */; };
		FAF59122242CC9B100EED00B /* PlayerViewController.swift in Sources */ = {isa = PBXBuildFile; fileRef = FAF59121242CC9B100EED00B /* PlayerViewController.swift */; };
/* End PBXBuildFile section */

/* Begin PBXContainerItemProxy section */
		FADEDB2A24285E7A0071C1BB /* PBXContainerItemProxy */ = {
			isa = PBXContainerItemProxy;
			containerPortal = FADEDB0824285E770071C1BB /* Project object */;
			proxyType = 1;
			remoteGlobalIDString = FADEDB0F24285E770071C1BB;
			remoteInfo = "Pengsoo-Tube";
		};
/* End PBXContainerItemProxy section */

/* Begin PBXFileReference section */
		1057ADE1B03F83881288FFED /* Pods_Pengsoo_Tube.framework */ = {isa = PBXFileReference; explicitFileType = wrapper.framework; includeInIndex = 0; path = Pods_Pengsoo_Tube.framework; sourceTree = BUILT_PRODUCTS_DIR; };
		1DED306D22B0E20A4F1E80D1 /* Pods_Pengsoo_TubeTests.framework */ = {isa = PBXFileReference; explicitFileType = wrapper.framework; includeInIndex = 0; path = Pods_Pengsoo_TubeTests.framework; sourceTree = BUILT_PRODUCTS_DIR; };
		6A42FF04C5E71F3D1C1BE289 /* Pods-Pengsoo-TubeTests.release.xcconfig */ = {isa = PBXFileReference; includeInIndex = 1; lastKnownFileType = text.xcconfig; name = "Pods-Pengsoo-TubeTests.release.xcconfig"; path = "Target Support Files/Pods-Pengsoo-TubeTests/Pods-Pengsoo-TubeTests.release.xcconfig"; sourceTree = "<group>"; };
		B12FCB09F2BAC94E7CF20721 /* Pods-Pengsoo-TubeTests.debug.xcconfig */ = {isa = PBXFileReference; includeInIndex = 1; lastKnownFileType = text.xcconfig; name = "Pods-Pengsoo-TubeTests.debug.xcconfig"; path = "Target Support Files/Pods-Pengsoo-TubeTests/Pods-Pengsoo-TubeTests.debug.xcconfig"; sourceTree = "<group>"; };
		C47C63B31EBCC4E6A750E899 /* Pods-Pengsoo-Tube.debug.xcconfig */ = {isa = PBXFileReference; includeInIndex = 1; lastKnownFileType = text.xcconfig; name = "Pods-Pengsoo-Tube.debug.xcconfig"; path = "Target Support Files/Pods-Pengsoo-Tube/Pods-Pengsoo-Tube.debug.xcconfig"; sourceTree = "<group>"; };
		E703FF0BF36D7A707D6614CE /* Pods-Pengsoo-Tube.release.xcconfig */ = {isa = PBXFileReference; includeInIndex = 1; lastKnownFileType = text.xcconfig; name = "Pods-Pengsoo-Tube.release.xcconfig"; path = "Target Support Files/Pods-Pengsoo-Tube/Pods-Pengsoo-Tube.release.xcconfig"; sourceTree = "<group>"; };
		FA015DED242C6A15007CBDBC /* HomeTableViewCell.swift */ = {isa = PBXFileReference; lastKnownFileType = sourcecode.swift; path = HomeTableViewCell.swift; sourceTree = "<group>"; };
		FA13DC10242C7CE20031826A /* InsetLabel.swift */ = {isa = PBXFileReference; lastKnownFileType = sourcecode.swift; path = InsetLabel.swift; sourceTree = "<group>"; };
		FA1A162E2429FD6D00740ADE /* MypageViewModel.swift */ = {isa = PBXFileReference; lastKnownFileType = sourcecode.swift; path = MypageViewModel.swift; sourceTree = "<group>"; };
		FA1A1664242ADCE200740ADE /* Mylist+CoreDataProperties.swift */ = {isa = PBXFileReference; lastKnownFileType = sourcecode.swift; name = "Mylist+CoreDataProperties.swift"; path = "/Users/yejunpark/Workspace/Pengsoo-Tube/Pengsoo-Tube/Model/Mylist+CoreDataProperties.swift"; sourceTree = "<absolute>"; };
		FA1A1665242ADCE200740ADE /* MyVideo+CoreDataClass.swift */ = {isa = PBXFileReference; lastKnownFileType = sourcecode.swift; name = "MyVideo+CoreDataClass.swift"; path = "/Users/yejunpark/Workspace/Pengsoo-Tube/Pengsoo-Tube/Model/MyVideo+CoreDataClass.swift"; sourceTree = "<absolute>"; };
		FA1A1666242ADCE200740ADE /* Mylist+CoreDataClass.swift */ = {isa = PBXFileReference; lastKnownFileType = sourcecode.swift; name = "Mylist+CoreDataClass.swift"; path = "/Users/yejunpark/Workspace/Pengsoo-Tube/Pengsoo-Tube/Model/Mylist+CoreDataClass.swift"; sourceTree = "<absolute>"; };
		FA1A1667242ADCE300740ADE /* MyVideo+CoreDataProperties.swift */ = {isa = PBXFileReference; lastKnownFileType = sourcecode.swift; name = "MyVideo+CoreDataProperties.swift"; path = "/Users/yejunpark/Workspace/Pengsoo-Tube/Pengsoo-Tube/Model/MyVideo+CoreDataProperties.swift"; sourceTree = "<absolute>"; };
		FA1A1668242ADCE300740ADE /* Recent+CoreDataClass.swift */ = {isa = PBXFileReference; lastKnownFileType = sourcecode.swift; name = "Recent+CoreDataClass.swift"; path = "/Users/yejunpark/Workspace/Pengsoo-Tube/Pengsoo-Tube/Model/Recent+CoreDataClass.swift"; sourceTree = "<absolute>"; };
		FA1A1669242ADCE300740ADE /* Recent+CoreDataProperties.swift */ = {isa = PBXFileReference; lastKnownFileType = sourcecode.swift; name = "Recent+CoreDataProperties.swift"; path = "/Users/yejunpark/Workspace/Pengsoo-Tube/Pengsoo-Tube/Model/Recent+CoreDataProperties.swift"; sourceTree = "<absolute>"; };
		FA1A1670242AE79C00740ADE /* MypageViewModelTests.swift */ = {isa = PBXFileReference; lastKnownFileType = sourcecode.swift; path = MypageViewModelTests.swift; sourceTree = "<group>"; };
		FA1A1672242B099400740ADE /* MylistDetailViewModel.swift */ = {isa = PBXFileReference; lastKnownFileType = sourcecode.swift; path = MylistDetailViewModel.swift; sourceTree = "<group>"; };
		FA1A1674242B169000740ADE /* MylistDetailViewModelTests.swift */ = {isa = PBXFileReference; lastKnownFileType = sourcecode.swift; path = MylistDetailViewModelTests.swift; sourceTree = "<group>"; };
		FA80722C24302A860050BC8D /* TabBarCollectionViewCell.swift */ = {isa = PBXFileReference; lastKnownFileType = sourcecode.swift; path = TabBarCollectionViewCell.swift; sourceTree = "<group>"; };
		FA80722E243031860050BC8D /* ContentViewController.swift */ = {isa = PBXFileReference; lastKnownFileType = sourcecode.swift; path = ContentViewController.swift; sourceTree = "<group>"; };
		FAD709F02429B11300E48D31 /* HeaderImageModel.swift */ = {isa = PBXFileReference; lastKnownFileType = sourcecode.swift; path = HeaderImageModel.swift; sourceTree = "<group>"; };
		FAD709F22429B14200E48D31 /* BrandingSettingsModel.swift */ = {isa = PBXFileReference; lastKnownFileType = sourcecode.swift; path = BrandingSettingsModel.swift; sourceTree = "<group>"; };
		FADEDB1024285E770071C1BB /* Peng-Ha Tube.app */ = {isa = PBXFileReference; explicitFileType = wrapper.application; includeInIndex = 0; path = "Peng-Ha Tube.app"; sourceTree = BUILT_PRODUCTS_DIR; };
		FADEDB1324285E770071C1BB /* AppDelegate.swift */ = {isa = PBXFileReference; lastKnownFileType = sourcecode.swift; path = AppDelegate.swift; sourceTree = "<group>"; };
		FADEDB1524285E770071C1BB /* SceneDelegate.swift */ = {isa = PBXFileReference; lastKnownFileType = sourcecode.swift; path = SceneDelegate.swift; sourceTree = "<group>"; };
		FADEDB1724285E770071C1BB /* ViewController.swift */ = {isa = PBXFileReference; lastKnownFileType = sourcecode.swift; path = ViewController.swift; sourceTree = "<group>"; };
		FADEDB1A24285E770071C1BB /* Base */ = {isa = PBXFileReference; lastKnownFileType = file.storyboard; name = Base; path = Base.lproj/Main.storyboard; sourceTree = "<group>"; };
		FADEDB1D24285E770071C1BB /* Pengsoo_Tube.xcdatamodel */ = {isa = PBXFileReference; lastKnownFileType = wrapper.xcdatamodel; path = Pengsoo_Tube.xcdatamodel; sourceTree = "<group>"; };
		FADEDB1F24285E7A0071C1BB /* Assets.xcassets */ = {isa = PBXFileReference; lastKnownFileType = folder.assetcatalog; path = Assets.xcassets; sourceTree = "<group>"; };
		FADEDB2224285E7A0071C1BB /* Base */ = {isa = PBXFileReference; lastKnownFileType = file.storyboard; name = Base; path = Base.lproj/LaunchScreen.storyboard; sourceTree = "<group>"; };
		FADEDB2424285E7A0071C1BB /* Info.plist */ = {isa = PBXFileReference; lastKnownFileType = text.plist.xml; path = Info.plist; sourceTree = "<group>"; };
		FADEDB2924285E7A0071C1BB /* Pengsoo-TubeTests.xctest */ = {isa = PBXFileReference; explicitFileType = wrapper.cfbundle; includeInIndex = 0; path = "Pengsoo-TubeTests.xctest"; sourceTree = BUILT_PRODUCTS_DIR; };
		FADEDB2D24285E7A0071C1BB /* HomeViewModelTests.swift */ = {isa = PBXFileReference; lastKnownFileType = sourcecode.swift; path = HomeViewModelTests.swift; sourceTree = "<group>"; };
		FADEDB2F24285E7A0071C1BB /* Info.plist */ = {isa = PBXFileReference; lastKnownFileType = text.plist.xml; path = Info.plist; sourceTree = "<group>"; };
		FADEDB3B242868A20071C1BB /* HomeViewModel.swift */ = {isa = PBXFileReference; lastKnownFileType = sourcecode.swift; path = HomeViewModel.swift; sourceTree = "<group>"; };
		FADEDB3D242868FB0071C1BB /* ViewModelDelegate.swift */ = {isa = PBXFileReference; lastKnownFileType = sourcecode.swift; path = ViewModelDelegate.swift; sourceTree = "<group>"; };
		FADEDB3F24286A6D0071C1BB /* YoutubeListModel.swift */ = {isa = PBXFileReference; lastKnownFileType = sourcecode.swift; path = YoutubeListModel.swift; sourceTree = "<group>"; };
		FADEDB4124286AD60071C1BB /* YoutubeSnippetModel.swift */ = {isa = PBXFileReference; lastKnownFileType = sourcecode.swift; path = YoutubeSnippetModel.swift; sourceTree = "<group>"; };
		FADEDB4324286CE60071C1BB /* YoutubeVideoIdModel.swift */ = {isa = PBXFileReference; lastKnownFileType = sourcecode.swift; path = YoutubeVideoIdModel.swift; sourceTree = "<group>"; };
		FADEDB4524286E130071C1BB /* YoutubeItemModel.swift */ = {isa = PBXFileReference; lastKnownFileType = sourcecode.swift; path = YoutubeItemModel.swift; sourceTree = "<group>"; };
		FADEDB4724286F040071C1BB /* YoutubeThumbnailsModel.swift */ = {isa = PBXFileReference; lastKnownFileType = sourcecode.swift; path = YoutubeThumbnailsModel.swift; sourceTree = "<group>"; };
		FADEDB4924286F100071C1BB /* YoutubeThumbnailModel.swift */ = {isa = PBXFileReference; lastKnownFileType = sourcecode.swift; path = YoutubeThumbnailModel.swift; sourceTree = "<group>"; };
		FADEDB4C2428717A0071C1BB /* AppConstants.swift */ = {isa = PBXFileReference; lastKnownFileType = sourcecode.swift; path = AppConstants.swift; sourceTree = "<group>"; };
		FADEDB53242890DB0071C1BB /* pengsooList_page2.json */ = {isa = PBXFileReference; fileEncoding = 4; lastKnownFileType = text.json; path = pengsooList_page2.json; sourceTree = "<group>"; };
		FADEDB54242890DB0071C1BB /* pengsooList_page3.json */ = {isa = PBXFileReference; fileEncoding = 4; lastKnownFileType = text.json; path = pengsooList_page3.json; sourceTree = "<group>"; };
		FADEDB55242890DC0071C1BB /* pengsooList_page1.json */ = {isa = PBXFileReference; fileEncoding = 4; lastKnownFileType = text.json; path = pengsooList_page1.json; sourceTree = "<group>"; };
		FAE95C71242D85B8003AD3AD /* Util.swift */ = {isa = PBXFileReference; lastKnownFileType = sourcecode.swift; path = Util.swift; sourceTree = "<group>"; };
		FAF5911F242CC13200EED00B /* ParentViewController.swift */ = {isa = PBXFileReference; lastKnownFileType = sourcecode.swift; path = ParentViewController.swift; sourceTree = "<group>"; };
		FAF59121242CC9B100EED00B /* PlayerViewController.swift */ = {isa = PBXFileReference; lastKnownFileType = sourcecode.swift; path = PlayerViewController.swift; sourceTree = "<group>"; };
/* End PBXFileReference section */

/* Begin PBXFrameworksBuildPhase section */
		FADEDB0D24285E770071C1BB /* Frameworks */ = {
			isa = PBXFrameworksBuildPhase;
			buildActionMask = 2147483647;
			files = (
				6C72767605DF172FEBC195BB /* Pods_Pengsoo_Tube.framework in Frameworks */,
			);
			runOnlyForDeploymentPostprocessing = 0;
		};
		FADEDB2624285E7A0071C1BB /* Frameworks */ = {
			isa = PBXFrameworksBuildPhase;
			buildActionMask = 2147483647;
			files = (
				BDB698328EDB81CF59C14F87 /* Pods_Pengsoo_TubeTests.framework in Frameworks */,
			);
			runOnlyForDeploymentPostprocessing = 0;
		};
/* End PBXFrameworksBuildPhase section */

/* Begin PBXGroup section */
		439DD0C3D8B87EEEC02652BC /* Pods */ = {
			isa = PBXGroup;
			children = (
				C47C63B31EBCC4E6A750E899 /* Pods-Pengsoo-Tube.debug.xcconfig */,
				E703FF0BF36D7A707D6614CE /* Pods-Pengsoo-Tube.release.xcconfig */,
				B12FCB09F2BAC94E7CF20721 /* Pods-Pengsoo-TubeTests.debug.xcconfig */,
				6A42FF04C5E71F3D1C1BE289 /* Pods-Pengsoo-TubeTests.release.xcconfig */,
			);
			path = Pods;
			sourceTree = "<group>";
		};
		FA817EDBDBF8563024BACAF0 /* Frameworks */ = {
			isa = PBXGroup;
			children = (
				1057ADE1B03F83881288FFED /* Pods_Pengsoo_Tube.framework */,
				1DED306D22B0E20A4F1E80D1 /* Pods_Pengsoo_TubeTests.framework */,
			);
			name = Frameworks;
			sourceTree = "<group>";
		};
		FADEDB0724285E770071C1BB = {
			isa = PBXGroup;
			children = (
				FADEDB1224285E770071C1BB /* Pengsoo-Tube */,
				FADEDB2C24285E7A0071C1BB /* Pengsoo-TubeTests */,
				FADEDB1124285E770071C1BB /* Products */,
				439DD0C3D8B87EEEC02652BC /* Pods */,
				FA817EDBDBF8563024BACAF0 /* Frameworks */,
			);
			sourceTree = "<group>";
		};
		FADEDB1124285E770071C1BB /* Products */ = {
			isa = PBXGroup;
			children = (
				FADEDB1024285E770071C1BB /* Peng-Ha Tube.app */,
				FADEDB2924285E7A0071C1BB /* Pengsoo-TubeTests.xctest */,
			);
			name = Products;
			sourceTree = "<group>";
		};
		FADEDB1224285E770071C1BB /* Pengsoo-Tube */ = {
			isa = PBXGroup;
			children = (
				FADEDB4B242871620071C1BB /* Common */,
				FADEDB39242866F70071C1BB /* View */,
				FADEDB3A242866FC0071C1BB /* ViewModel */,
				FADEDB38242866C20071C1BB /* Model */,
				FADEDB1324285E770071C1BB /* AppDelegate.swift */,
				FADEDB1524285E770071C1BB /* SceneDelegate.swift */,
				FADEDB1F24285E7A0071C1BB /* Assets.xcassets */,
				FADEDB2124285E7A0071C1BB /* LaunchScreen.storyboard */,
				FADEDB2424285E7A0071C1BB /* Info.plist */,
				FADEDB1C24285E770071C1BB /* Pengsoo_Tube.xcdatamodeld */,
			);
			path = "Pengsoo-Tube";
			sourceTree = "<group>";
		};
		FADEDB2C24285E7A0071C1BB /* Pengsoo-TubeTests */ = {
			isa = PBXGroup;
			children = (
				FADEDB4E242887730071C1BB /* Resources */,
				FADEDB2D24285E7A0071C1BB /* HomeViewModelTests.swift */,
				FA1A1670242AE79C00740ADE /* MypageViewModelTests.swift */,
				FA1A1674242B169000740ADE /* MylistDetailViewModelTests.swift */,
				FADEDB2F24285E7A0071C1BB /* Info.plist */,
			);
			path = "Pengsoo-TubeTests";
			sourceTree = "<group>";
		};
		FADEDB38242866C20071C1BB /* Model */ = {
			isa = PBXGroup;
			children = (
				FA1A1665242ADCE200740ADE /* MyVideo+CoreDataClass.swift */,
				FA1A1667242ADCE300740ADE /* MyVideo+CoreDataProperties.swift */,
				FA1A1666242ADCE200740ADE /* Mylist+CoreDataClass.swift */,
				FA1A1664242ADCE200740ADE /* Mylist+CoreDataProperties.swift */,
				FA1A1668242ADCE300740ADE /* Recent+CoreDataClass.swift */,
				FA1A1669242ADCE300740ADE /* Recent+CoreDataProperties.swift */,
				FADEDB3F24286A6D0071C1BB /* YoutubeListModel.swift */,
				FADEDB4124286AD60071C1BB /* YoutubeSnippetModel.swift */,
				FADEDB4324286CE60071C1BB /* YoutubeVideoIdModel.swift */,
				FADEDB4524286E130071C1BB /* YoutubeItemModel.swift */,
				FADEDB4724286F040071C1BB /* YoutubeThumbnailsModel.swift */,
				FADEDB4924286F100071C1BB /* YoutubeThumbnailModel.swift */,
				FAD709F02429B11300E48D31 /* HeaderImageModel.swift */,
				FAD709F22429B14200E48D31 /* BrandingSettingsModel.swift */,
			);
			path = Model;
			sourceTree = "<group>";
		};
		FADEDB39242866F70071C1BB /* View */ = {
			isa = PBXGroup;
			children = (
				FADEDB1724285E770071C1BB /* ViewController.swift */,
				FA80722E243031860050BC8D /* ContentViewController.swift */,
				FA80722C24302A860050BC8D /* TabBarCollectionViewCell.swift */,
				FA015DED242C6A15007CBDBC /* HomeTableViewCell.swift */,
				FAF59121242CC9B100EED00B /* PlayerViewController.swift */,
				FAF5911F242CC13200EED00B /* ParentViewController.swift */,
				FADEDB1924285E770071C1BB /* Main.storyboard */,
			);
			path = View;
			sourceTree = "<group>";
		};
		FADEDB3A242866FC0071C1BB /* ViewModel */ = {
			isa = PBXGroup;
			children = (
				FADEDB3B242868A20071C1BB /* HomeViewModel.swift */,
				FA1A162E2429FD6D00740ADE /* MypageViewModel.swift */,
				FA1A1672242B099400740ADE /* MylistDetailViewModel.swift */,
				FADEDB3D242868FB0071C1BB /* ViewModelDelegate.swift */,
			);
			path = ViewModel;
			sourceTree = "<group>";
		};
		FADEDB4B242871620071C1BB /* Common */ = {
			isa = PBXGroup;
			children = (
				FADEDB4C2428717A0071C1BB /* AppConstants.swift */,
				FA13DC10242C7CE20031826A /* InsetLabel.swift */,
				FAE95C71242D85B8003AD3AD /* Util.swift */,
			);
			path = Common;
			sourceTree = "<group>";
		};
		FADEDB4E242887730071C1BB /* Resources */ = {
			isa = PBXGroup;
			children = (
				FADEDB55242890DC0071C1BB /* pengsooList_page1.json */,
				FADEDB53242890DB0071C1BB /* pengsooList_page2.json */,
				FADEDB54242890DB0071C1BB /* pengsooList_page3.json */,
			);
			path = Resources;
			sourceTree = "<group>";
		};
/* End PBXGroup section */

/* Begin PBXNativeTarget section */
		FADEDB0F24285E770071C1BB /* Pengsoo-Tube */ = {
			isa = PBXNativeTarget;
			buildConfigurationList = FADEDB3224285E7A0071C1BB /* Build configuration list for PBXNativeTarget "Pengsoo-Tube" */;
			buildPhases = (
				62C46E873FA55C097BC0F654 /* [CP] Check Pods Manifest.lock */,
				FADEDB0C24285E770071C1BB /* Sources */,
				FADEDB0D24285E770071C1BB /* Frameworks */,
				FADEDB0E24285E770071C1BB /* Resources */,
				54EDA5E8306F1CD7AC60BE98 /* [CP] Embed Pods Frameworks */,
			);
			buildRules = (
			);
			dependencies = (
			);
			name = "Pengsoo-Tube";
			productName = "Pengsoo-Tube";
			productReference = FADEDB1024285E770071C1BB /* Peng-Ha Tube.app */;
			productType = "com.apple.product-type.application";
		};
		FADEDB2824285E7A0071C1BB /* Pengsoo-TubeTests */ = {
			isa = PBXNativeTarget;
			buildConfigurationList = FADEDB3524285E7A0071C1BB /* Build configuration list for PBXNativeTarget "Pengsoo-TubeTests" */;
			buildPhases = (
				82698A5BB5737C846183F70D /* [CP] Check Pods Manifest.lock */,
				FADEDB2524285E7A0071C1BB /* Sources */,
				FADEDB2624285E7A0071C1BB /* Frameworks */,
				FADEDB2724285E7A0071C1BB /* Resources */,
				AE2CD301B3BAF358BFC1ED34 /* [CP] Embed Pods Frameworks */,
			);
			buildRules = (
			);
			dependencies = (
				FADEDB2B24285E7A0071C1BB /* PBXTargetDependency */,
			);
			name = "Pengsoo-TubeTests";
			productName = "Pengsoo-TubeTests";
			productReference = FADEDB2924285E7A0071C1BB /* Pengsoo-TubeTests.xctest */;
			productType = "com.apple.product-type.bundle.unit-test";
		};
/* End PBXNativeTarget section */

/* Begin PBXProject section */
		FADEDB0824285E770071C1BB /* Project object */ = {
			isa = PBXProject;
			attributes = {
				LastSwiftUpdateCheck = 1130;
				LastUpgradeCheck = 1130;
				ORGANIZATIONNAME = "Yejun Park";
				TargetAttributes = {
					FADEDB0F24285E770071C1BB = {
						CreatedOnToolsVersion = 11.3.1;
					};
					FADEDB2824285E7A0071C1BB = {
						CreatedOnToolsVersion = 11.3.1;
						TestTargetID = FADEDB0F24285E770071C1BB;
					};
				};
			};
			buildConfigurationList = FADEDB0B24285E770071C1BB /* Build configuration list for PBXProject "Pengsoo-Tube" */;
			compatibilityVersion = "Xcode 9.3";
			developmentRegion = en;
			hasScannedForEncodings = 0;
			knownRegions = (
				en,
				Base,
			);
			mainGroup = FADEDB0724285E770071C1BB;
			productRefGroup = FADEDB1124285E770071C1BB /* Products */;
			projectDirPath = "";
			projectRoot = "";
			targets = (
				FADEDB0F24285E770071C1BB /* Pengsoo-Tube */,
				FADEDB2824285E7A0071C1BB /* Pengsoo-TubeTests */,
			);
		};
/* End PBXProject section */

/* Begin PBXResourcesBuildPhase section */
		FADEDB0E24285E770071C1BB /* Resources */ = {
			isa = PBXResourcesBuildPhase;
			buildActionMask = 2147483647;
			files = (
				FADEDB2324285E7A0071C1BB /* LaunchScreen.storyboard in Resources */,
				FADEDB2024285E7A0071C1BB /* Assets.xcassets in Resources */,
				FADEDB1B24285E770071C1BB /* Main.storyboard in Resources */,
			);
			runOnlyForDeploymentPostprocessing = 0;
		};
		FADEDB2724285E7A0071C1BB /* Resources */ = {
			isa = PBXResourcesBuildPhase;
			buildActionMask = 2147483647;
			files = (
				FADEDB57242890DC0071C1BB /* pengsooList_page3.json in Resources */,
				FADEDB56242890DC0071C1BB /* pengsooList_page2.json in Resources */,
				FADEDB58242890DC0071C1BB /* pengsooList_page1.json in Resources */,
			);
			runOnlyForDeploymentPostprocessing = 0;
		};
/* End PBXResourcesBuildPhase section */

/* Begin PBXShellScriptBuildPhase section */
		54EDA5E8306F1CD7AC60BE98 /* [CP] Embed Pods Frameworks */ = {
			isa = PBXShellScriptBuildPhase;
			buildActionMask = 2147483647;
			files = (
			);
			inputFileListPaths = (
				"${PODS_ROOT}/Target Support Files/Pods-Pengsoo-Tube/Pods-Pengsoo-Tube-frameworks-${CONFIGURATION}-input-files.xcfilelist",
			);
			name = "[CP] Embed Pods Frameworks";
			outputFileListPaths = (
				"${PODS_ROOT}/Target Support Files/Pods-Pengsoo-Tube/Pods-Pengsoo-Tube-frameworks-${CONFIGURATION}-output-files.xcfilelist",
			);
			runOnlyForDeploymentPostprocessing = 0;
			shellPath = /bin/sh;
			shellScript = "\"${PODS_ROOT}/Target Support Files/Pods-Pengsoo-Tube/Pods-Pengsoo-Tube-frameworks.sh\"\n";
			showEnvVarsInLog = 0;
		};
		62C46E873FA55C097BC0F654 /* [CP] Check Pods Manifest.lock */ = {
			isa = PBXShellScriptBuildPhase;
			buildActionMask = 2147483647;
			files = (
			);
			inputFileListPaths = (
			);
			inputPaths = (
				"${PODS_PODFILE_DIR_PATH}/Podfile.lock",
				"${PODS_ROOT}/Manifest.lock",
			);
			name = "[CP] Check Pods Manifest.lock";
			outputFileListPaths = (
			);
			outputPaths = (
				"$(DERIVED_FILE_DIR)/Pods-Pengsoo-Tube-checkManifestLockResult.txt",
			);
			runOnlyForDeploymentPostprocessing = 0;
			shellPath = /bin/sh;
			shellScript = "diff \"${PODS_PODFILE_DIR_PATH}/Podfile.lock\" \"${PODS_ROOT}/Manifest.lock\" > /dev/null\nif [ $? != 0 ] ; then\n    # print error to STDERR\n    echo \"error: The sandbox is not in sync with the Podfile.lock. Run 'pod install' or update your CocoaPods installation.\" >&2\n    exit 1\nfi\n# This output is used by Xcode 'outputs' to avoid re-running this script phase.\necho \"SUCCESS\" > \"${SCRIPT_OUTPUT_FILE_0}\"\n";
			showEnvVarsInLog = 0;
		};
		82698A5BB5737C846183F70D /* [CP] Check Pods Manifest.lock */ = {
			isa = PBXShellScriptBuildPhase;
			buildActionMask = 2147483647;
			files = (
			);
			inputFileListPaths = (
			);
			inputPaths = (
				"${PODS_PODFILE_DIR_PATH}/Podfile.lock",
				"${PODS_ROOT}/Manifest.lock",
			);
			name = "[CP] Check Pods Manifest.lock";
			outputFileListPaths = (
			);
			outputPaths = (
				"$(DERIVED_FILE_DIR)/Pods-Pengsoo-TubeTests-checkManifestLockResult.txt",
			);
			runOnlyForDeploymentPostprocessing = 0;
			shellPath = /bin/sh;
			shellScript = "diff \"${PODS_PODFILE_DIR_PATH}/Podfile.lock\" \"${PODS_ROOT}/Manifest.lock\" > /dev/null\nif [ $? != 0 ] ; then\n    # print error to STDERR\n    echo \"error: The sandbox is not in sync with the Podfile.lock. Run 'pod install' or update your CocoaPods installation.\" >&2\n    exit 1\nfi\n# This output is used by Xcode 'outputs' to avoid re-running this script phase.\necho \"SUCCESS\" > \"${SCRIPT_OUTPUT_FILE_0}\"\n";
			showEnvVarsInLog = 0;
		};
		AE2CD301B3BAF358BFC1ED34 /* [CP] Embed Pods Frameworks */ = {
			isa = PBXShellScriptBuildPhase;
			buildActionMask = 2147483647;
			files = (
			);
			inputFileListPaths = (
				"${PODS_ROOT}/Target Support Files/Pods-Pengsoo-TubeTests/Pods-Pengsoo-TubeTests-frameworks-${CONFIGURATION}-input-files.xcfilelist",
			);
			name = "[CP] Embed Pods Frameworks";
			outputFileListPaths = (
				"${PODS_ROOT}/Target Support Files/Pods-Pengsoo-TubeTests/Pods-Pengsoo-TubeTests-frameworks-${CONFIGURATION}-output-files.xcfilelist",
			);
			runOnlyForDeploymentPostprocessing = 0;
			shellPath = /bin/sh;
			shellScript = "\"${PODS_ROOT}/Target Support Files/Pods-Pengsoo-TubeTests/Pods-Pengsoo-TubeTests-frameworks.sh\"\n";
			showEnvVarsInLog = 0;
		};
/* End PBXShellScriptBuildPhase section */

/* Begin PBXSourcesBuildPhase section */
		FADEDB0C24285E770071C1BB /* Sources */ = {
			isa = PBXSourcesBuildPhase;
			buildActionMask = 2147483647;
			files = (
				FA1A166F242ADCE300740ADE /* MyVideo+CoreDataProperties.swift in Sources */,
				FA80722D24302A860050BC8D /* TabBarCollectionViewCell.swift in Sources */,
				FADEDB4A24286F100071C1BB /* YoutubeThumbnailModel.swift in Sources */,
				FADEDB4624286E130071C1BB /* YoutubeItemModel.swift in Sources */,
				FADEDB1824285E770071C1BB /* ViewController.swift in Sources */,
				FAD709F32429B14200E48D31 /* BrandingSettingsModel.swift in Sources */,
				FADEDB3E242868FB0071C1BB /* ViewModelDelegate.swift in Sources */,
				FA015DEE242C6A15007CBDBC /* HomeTableViewCell.swift in Sources */,
				FA80722F243031860050BC8D /* ContentViewController.swift in Sources */,
				FA1A1673242B099400740ADE /* MylistDetailViewModel.swift in Sources */,
				FAF59120242CC13200EED00B /* ParentViewController.swift in Sources */,
				FADEDB4824286F040071C1BB /* YoutubeThumbnailsModel.swift in Sources */,
				FA1A166C242ADCE300740ADE /* Recent+CoreDataClass.swift in Sources */,
				FAE95C72242D85B8003AD3AD /* Util.swift in Sources */,
				FA1A166E242ADCE300740ADE /* Mylist+CoreDataClass.swift in Sources */,
				FA1A166D242ADCE300740ADE /* Mylist+CoreDataProperties.swift in Sources */,
				FADEDB4424286CE60071C1BB /* YoutubeVideoIdModel.swift in Sources */,
				FAF59122242CC9B100EED00B /* PlayerViewController.swift in Sources */,
				FA13DC11242C7CE20031826A /* InsetLabel.swift in Sources */,
				FADEDB1424285E770071C1BB /* AppDelegate.swift in Sources */,
				FADEDB4024286A6D0071C1BB /* YoutubeListModel.swift in Sources */,
				FADEDB1624285E770071C1BB /* SceneDelegate.swift in Sources */,
				FADEDB3C242868A20071C1BB /* HomeViewModel.swift in Sources */,
				FA1A166B242ADCE300740ADE /* MyVideo+CoreDataClass.swift in Sources */,
				FAD709F12429B11300E48D31 /* HeaderImageModel.swift in Sources */,
				FADEDB4D2428717A0071C1BB /* AppConstants.swift in Sources */,
				FADEDB4224286AD60071C1BB /* YoutubeSnippetModel.swift in Sources */,
				FADEDB1E24285E770071C1BB /* Pengsoo_Tube.xcdatamodeld in Sources */,
				FA1A162F2429FD6D00740ADE /* MypageViewModel.swift in Sources */,
				FA1A166A242ADCE300740ADE /* Recent+CoreDataProperties.swift in Sources */,
			);
			runOnlyForDeploymentPostprocessing = 0;
		};
		FADEDB2524285E7A0071C1BB /* Sources */ = {
			isa = PBXSourcesBuildPhase;
			buildActionMask = 2147483647;
			files = (
				FADEDB2E24285E7A0071C1BB /* HomeViewModelTests.swift in Sources */,
				FA1A1675242B169000740ADE /* MylistDetailViewModelTests.swift in Sources */,
				FA1A1671242AE79C00740ADE /* MypageViewModelTests.swift in Sources */,
			);
			runOnlyForDeploymentPostprocessing = 0;
		};
/* End PBXSourcesBuildPhase section */

/* Begin PBXTargetDependency section */
		FADEDB2B24285E7A0071C1BB /* PBXTargetDependency */ = {
			isa = PBXTargetDependency;
			target = FADEDB0F24285E770071C1BB /* Pengsoo-Tube */;
			targetProxy = FADEDB2A24285E7A0071C1BB /* PBXContainerItemProxy */;
		};
/* End PBXTargetDependency section */

/* Begin PBXVariantGroup section */
		FADEDB1924285E770071C1BB /* Main.storyboard */ = {
			isa = PBXVariantGroup;
			children = (
				FADEDB1A24285E770071C1BB /* Base */,
			);
			name = Main.storyboard;
			sourceTree = "<group>";
		};
		FADEDB2124285E7A0071C1BB /* LaunchScreen.storyboard */ = {
			isa = PBXVariantGroup;
			children = (
				FADEDB2224285E7A0071C1BB /* Base */,
			);
			name = LaunchScreen.storyboard;
			sourceTree = "<group>";
		};
/* End PBXVariantGroup section */

/* Begin XCBuildConfiguration section */
		FADEDB3024285E7A0071C1BB /* Debug */ = {
			isa = XCBuildConfiguration;
			buildSettings = {
				ALWAYS_SEARCH_USER_PATHS = NO;
				CLANG_ANALYZER_NONNULL = YES;
				CLANG_ANALYZER_NUMBER_OBJECT_CONVERSION = YES_AGGRESSIVE;
				CLANG_CXX_LANGUAGE_STANDARD = "gnu++14";
				CLANG_CXX_LIBRARY = "libc++";
				CLANG_ENABLE_MODULES = YES;
				CLANG_ENABLE_OBJC_ARC = YES;
				CLANG_ENABLE_OBJC_WEAK = YES;
				CLANG_WARN_BLOCK_CAPTURE_AUTORELEASING = YES;
				CLANG_WARN_BOOL_CONVERSION = YES;
				CLANG_WARN_COMMA = YES;
				CLANG_WARN_CONSTANT_CONVERSION = YES;
				CLANG_WARN_DEPRECATED_OBJC_IMPLEMENTATIONS = YES;
				CLANG_WARN_DIRECT_OBJC_ISA_USAGE = YES_ERROR;
				CLANG_WARN_DOCUMENTATION_COMMENTS = YES;
				CLANG_WARN_EMPTY_BODY = YES;
				CLANG_WARN_ENUM_CONVERSION = YES;
				CLANG_WARN_INFINITE_RECURSION = YES;
				CLANG_WARN_INT_CONVERSION = YES;
				CLANG_WARN_NON_LITERAL_NULL_CONVERSION = YES;
				CLANG_WARN_OBJC_IMPLICIT_RETAIN_SELF = YES;
				CLANG_WARN_OBJC_LITERAL_CONVERSION = YES;
				CLANG_WARN_OBJC_ROOT_CLASS = YES_ERROR;
				CLANG_WARN_RANGE_LOOP_ANALYSIS = YES;
				CLANG_WARN_STRICT_PROTOTYPES = YES;
				CLANG_WARN_SUSPICIOUS_MOVE = YES;
				CLANG_WARN_UNGUARDED_AVAILABILITY = YES_AGGRESSIVE;
				CLANG_WARN_UNREACHABLE_CODE = YES;
				CLANG_WARN__DUPLICATE_METHOD_MATCH = YES;
				COPY_PHASE_STRIP = NO;
				DEBUG_INFORMATION_FORMAT = dwarf;
				ENABLE_STRICT_OBJC_MSGSEND = YES;
				ENABLE_TESTABILITY = YES;
				GCC_C_LANGUAGE_STANDARD = gnu11;
				GCC_DYNAMIC_NO_PIC = NO;
				GCC_NO_COMMON_BLOCKS = YES;
				GCC_OPTIMIZATION_LEVEL = 0;
				GCC_PREPROCESSOR_DEFINITIONS = (
					"DEBUG=1",
					"$(inherited)",
				);
				GCC_WARN_64_TO_32_BIT_CONVERSION = YES;
				GCC_WARN_ABOUT_RETURN_TYPE = YES_ERROR;
				GCC_WARN_UNDECLARED_SELECTOR = YES;
				GCC_WARN_UNINITIALIZED_AUTOS = YES_AGGRESSIVE;
				GCC_WARN_UNUSED_FUNCTION = YES;
				GCC_WARN_UNUSED_VARIABLE = YES;
				IPHONEOS_DEPLOYMENT_TARGET = 13.0;
				MTL_ENABLE_DEBUG_INFO = INCLUDE_SOURCE;
				MTL_FAST_MATH = YES;
				ONLY_ACTIVE_ARCH = YES;
				SDKROOT = iphoneos;
				SWIFT_ACTIVE_COMPILATION_CONDITIONS = DEBUG;
				SWIFT_OPTIMIZATION_LEVEL = "-Onone";
			};
			name = Debug;
		};
		FADEDB3124285E7A0071C1BB /* Release */ = {
			isa = XCBuildConfiguration;
			buildSettings = {
				ALWAYS_SEARCH_USER_PATHS = NO;
				CLANG_ANALYZER_NONNULL = YES;
				CLANG_ANALYZER_NUMBER_OBJECT_CONVERSION = YES_AGGRESSIVE;
				CLANG_CXX_LANGUAGE_STANDARD = "gnu++14";
				CLANG_CXX_LIBRARY = "libc++";
				CLANG_ENABLE_MODULES = YES;
				CLANG_ENABLE_OBJC_ARC = YES;
				CLANG_ENABLE_OBJC_WEAK = YES;
				CLANG_WARN_BLOCK_CAPTURE_AUTORELEASING = YES;
				CLANG_WARN_BOOL_CONVERSION = YES;
				CLANG_WARN_COMMA = YES;
				CLANG_WARN_CONSTANT_CONVERSION = YES;
				CLANG_WARN_DEPRECATED_OBJC_IMPLEMENTATIONS = YES;
				CLANG_WARN_DIRECT_OBJC_ISA_USAGE = YES_ERROR;
				CLANG_WARN_DOCUMENTATION_COMMENTS = YES;
				CLANG_WARN_EMPTY_BODY = YES;
				CLANG_WARN_ENUM_CONVERSION = YES;
				CLANG_WARN_INFINITE_RECURSION = YES;
				CLANG_WARN_INT_CONVERSION = YES;
				CLANG_WARN_NON_LITERAL_NULL_CONVERSION = YES;
				CLANG_WARN_OBJC_IMPLICIT_RETAIN_SELF = YES;
				CLANG_WARN_OBJC_LITERAL_CONVERSION = YES;
				CLANG_WARN_OBJC_ROOT_CLASS = YES_ERROR;
				CLANG_WARN_RANGE_LOOP_ANALYSIS = YES;
				CLANG_WARN_STRICT_PROTOTYPES = YES;
				CLANG_WARN_SUSPICIOUS_MOVE = YES;
				CLANG_WARN_UNGUARDED_AVAILABILITY = YES_AGGRESSIVE;
				CLANG_WARN_UNREACHABLE_CODE = YES;
				CLANG_WARN__DUPLICATE_METHOD_MATCH = YES;
				COPY_PHASE_STRIP = NO;
				DEBUG_INFORMATION_FORMAT = "dwarf-with-dsym";
				ENABLE_NS_ASSERTIONS = NO;
				ENABLE_STRICT_OBJC_MSGSEND = YES;
				GCC_C_LANGUAGE_STANDARD = gnu11;
				GCC_NO_COMMON_BLOCKS = YES;
				GCC_WARN_64_TO_32_BIT_CONVERSION = YES;
				GCC_WARN_ABOUT_RETURN_TYPE = YES_ERROR;
				GCC_WARN_UNDECLARED_SELECTOR = YES;
				GCC_WARN_UNINITIALIZED_AUTOS = YES_AGGRESSIVE;
				GCC_WARN_UNUSED_FUNCTION = YES;
				GCC_WARN_UNUSED_VARIABLE = YES;
				IPHONEOS_DEPLOYMENT_TARGET = 13.0;
				MTL_ENABLE_DEBUG_INFO = NO;
				MTL_FAST_MATH = YES;
				SDKROOT = iphoneos;
				SWIFT_COMPILATION_MODE = wholemodule;
				SWIFT_OPTIMIZATION_LEVEL = "-O";
				VALIDATE_PRODUCT = YES;
			};
			name = Release;
		};
		FADEDB3324285E7A0071C1BB /* Debug */ = {
			isa = XCBuildConfiguration;
			baseConfigurationReference = C47C63B31EBCC4E6A750E899 /* Pods-Pengsoo-Tube.debug.xcconfig */;
			buildSettings = {
				ASSETCATALOG_COMPILER_APPICON_NAME = AppIcon;
				CODE_SIGN_STYLE = Automatic;
				DEVELOPMENT_TEAM = B78Z6M42G4;
				INFOPLIST_FILE = "Pengsoo-Tube/Info.plist";
				LD_RUNPATH_SEARCH_PATHS = (
					"$(inherited)",
					"@executable_path/Frameworks",
				);
				PRODUCT_BUNDLE_IDENTIFIER = "kr.dogfeetguyz.Pengsoo-Tube";
				PRODUCT_NAME = "Peng-Ha Tube";
				SWIFT_VERSION = 5.0;
				TARGETED_DEVICE_FAMILY = "1,2";
				TVOS_DEPLOYMENT_TARGET = 13.0;
			};
			name = Debug;
		};
		FADEDB3424285E7A0071C1BB /* Release */ = {
			isa = XCBuildConfiguration;
			baseConfigurationReference = E703FF0BF36D7A707D6614CE /* Pods-Pengsoo-Tube.release.xcconfig */;
			buildSettings = {
				ASSETCATALOG_COMPILER_APPICON_NAME = AppIcon;
				CODE_SIGN_STYLE = Automatic;
				DEVELOPMENT_TEAM = B78Z6M42G4;
				INFOPLIST_FILE = "Pengsoo-Tube/Info.plist";
				LD_RUNPATH_SEARCH_PATHS = (
					"$(inherited)",
					"@executable_path/Frameworks",
				);
				PRODUCT_BUNDLE_IDENTIFIER = "kr.dogfeetguyz.Pengsoo-Tube";
				PRODUCT_NAME = "Peng-Ha Tube";
				SWIFT_VERSION = 5.0;
				TARGETED_DEVICE_FAMILY = "1,2";
				TVOS_DEPLOYMENT_TARGET = 13.0;
			};
			name = Release;
		};
		FADEDB3624285E7A0071C1BB /* Debug */ = {
			isa = XCBuildConfiguration;
			baseConfigurationReference = B12FCB09F2BAC94E7CF20721 /* Pods-Pengsoo-TubeTests.debug.xcconfig */;
			buildSettings = {
				ALWAYS_EMBED_SWIFT_STANDARD_LIBRARIES = YES;
				BUNDLE_LOADER = "$(TEST_HOST)";
				CODE_SIGN_STYLE = Automatic;
				DEVELOPMENT_TEAM = B78Z6M42G4;
				INFOPLIST_FILE = "Pengsoo-TubeTests/Info.plist";
				IPHONEOS_DEPLOYMENT_TARGET = 13.0;
				LD_RUNPATH_SEARCH_PATHS = (
					"$(inherited)",
					"@executable_path/Frameworks",
					"@loader_path/Frameworks",
				);
				PRODUCT_BUNDLE_IDENTIFIER = "kr.dogfeetguyz.Pengsoo-TubeTests";
				PRODUCT_NAME = "$(TARGET_NAME)";
				SWIFT_VERSION = 5.0;
				TARGETED_DEVICE_FAMILY = "1,2";
				TEST_HOST = "$(BUILT_PRODUCTS_DIR)/Peng-Ha Tube.app/Peng-Ha Tube";
				TVOS_DEPLOYMENT_TARGET = 13.0;
			};
			name = Debug;
		};
		FADEDB3724285E7A0071C1BB /* Release */ = {
			isa = XCBuildConfiguration;
			baseConfigurationReference = 6A42FF04C5E71F3D1C1BE289 /* Pods-Pengsoo-TubeTests.release.xcconfig */;
			buildSettings = {
				ALWAYS_EMBED_SWIFT_STANDARD_LIBRARIES = YES;
				BUNDLE_LOADER = "$(TEST_HOST)";
				CODE_SIGN_STYLE = Automatic;
				DEVELOPMENT_TEAM = B78Z6M42G4;
				INFOPLIST_FILE = "Pengsoo-TubeTests/Info.plist";
				IPHONEOS_DEPLOYMENT_TARGET = 13.0;
				LD_RUNPATH_SEARCH_PATHS = (
					"$(inherited)",
					"@executable_path/Frameworks",
					"@loader_path/Frameworks",
				);
				PRODUCT_BUNDLE_IDENTIFIER = "kr.dogfeetguyz.Pengsoo-TubeTests";
				PRODUCT_NAME = "$(TARGET_NAME)";
				SWIFT_VERSION = 5.0;
				TARGETED_DEVICE_FAMILY = "1,2";
				TEST_HOST = "$(BUILT_PRODUCTS_DIR)/Peng-Ha Tube.app/Peng-Ha Tube";
				TVOS_DEPLOYMENT_TARGET = 13.0;
			};
			name = Release;
		};
/* End XCBuildConfiguration section */

/* Begin XCConfigurationList section */
		FADEDB0B24285E770071C1BB /* Build configuration list for PBXProject "Pengsoo-Tube" */ = {
			isa = XCConfigurationList;
			buildConfigurations = (
				FADEDB3024285E7A0071C1BB /* Debug */,
				FADEDB3124285E7A0071C1BB /* Release */,
			);
			defaultConfigurationIsVisible = 0;
			defaultConfigurationName = Release;
		};
		FADEDB3224285E7A0071C1BB /* Build configuration list for PBXNativeTarget "Pengsoo-Tube" */ = {
			isa = XCConfigurationList;
			buildConfigurations = (
				FADEDB3324285E7A0071C1BB /* Debug */,
				FADEDB3424285E7A0071C1BB /* Release */,
			);
			defaultConfigurationIsVisible = 0;
			defaultConfigurationName = Release;
		};
		FADEDB3524285E7A0071C1BB /* Build configuration list for PBXNativeTarget "Pengsoo-TubeTests" */ = {
			isa = XCConfigurationList;
			buildConfigurations = (
				FADEDB3624285E7A0071C1BB /* Debug */,
				FADEDB3724285E7A0071C1BB /* Release */,
			);
			defaultConfigurationIsVisible = 0;
			defaultConfigurationName = Release;
		};
/* End XCConfigurationList section */

/* Begin XCVersionGroup section */
		FADEDB1C24285E770071C1BB /* Pengsoo_Tube.xcdatamodeld */ = {
			isa = XCVersionGroup;
			children = (
				FADEDB1D24285E770071C1BB /* Pengsoo_Tube.xcdatamodel */,
			);
			currentVersion = FADEDB1D24285E770071C1BB /* Pengsoo_Tube.xcdatamodel */;
			path = Pengsoo_Tube.xcdatamodeld;
			sourceTree = "<group>";
			versionGroupType = wrapper.xcdatamodel;
		};
/* End XCVersionGroup section */
	};
	rootObject = FADEDB0824285E770071C1BB /* Project object */;
}
