// !$*UTF8*$!
{
	archiveVersion = 1;
	classes = {
	};
	objectVersion = 51;
	objects = {

/* Begin PBXBuildFile section */
		6C72767605DF172FEBC195BB /* Pods_Pengsoo_Tube.framework in Frameworks */ = {isa = PBXBuildFile; fileRef = 1057ADE1B03F83881288FFED /* Pods_Pengsoo_Tube.framework */; };
		BDB698328EDB81CF59C14F87 /* Pods_Pengsoo_TubeTests.framework in Frameworks */ = {isa = PBXBuildFile; fileRef = 1DED306D22B0E20A4F1E80D1 /* Pods_Pengsoo_TubeTests.framework */; };
		FA015DEE242C6A15007CBDBC /* HomeTableViewCell.swift in Sources */ = {isa = PBXBuildFile; fileRef = FA015DED242C6A15007CBDBC /* HomeTableViewCell.swift */; };
		FA13DC11242C7CE20031826A /* InsetLabel.swift in Sources */ = {isa = PBXBuildFile; fileRef = FA13DC10242C7CE20031826A /* InsetLabel.swift */; };
		FA1A162F2429FD6D00740ADE /* LibraryViewModel.swift in Sources */ = {isa = PBXBuildFile; fileRef = FA1A162E2429FD6D00740ADE /* LibraryViewModel.swift */; };
		FA1A1671242AE79C00740ADE /* LibraryViewModelTests.swift in Sources */ = {isa = PBXBuildFile; fileRef = FA1A1670242AE79C00740ADE /* LibraryViewModelTests.swift */; };
		FA1A1673242B099400740ADE /* LibraryDetailViewModel.swift in Sources */ = {isa = PBXBuildFile; fileRef = FA1A1672242B099400740ADE /* LibraryDetailViewModel.swift */; };
		FA1A1675242B169000740ADE /* LibraryDetailViewModelTests.swift in Sources */ = {isa = PBXBuildFile; fileRef = FA1A1674242B169000740ADE /* LibraryDetailViewModelTests.swift */; };
		FA1A64022434A20D00A3212E /* YoutubePlayerView.swift in Sources */ = {isa = PBXBuildFile; fileRef = FA1A64002434A20D00A3212E /* YoutubePlayerView.swift */; };
		FA1A64032434A20D00A3212E /* YoutubePlayerExtras.swift in Sources */ = {isa = PBXBuildFile; fileRef = FA1A64012434A20D00A3212E /* YoutubePlayerExtras.swift */; };
		FA1EFBCD24384D590022D6C6 /* YoutubeContentDetails.swift in Sources */ = {isa = PBXBuildFile; fileRef = FA1EFBCC24384D590022D6C6 /* YoutubeContentDetails.swift */; };
		FA22A7102435B76A0051FAF7 /* PlaylistModel.swift in Sources */ = {isa = PBXBuildFile; fileRef = FA22A70F2435B76A0051FAF7 /* PlaylistModel.swift */; };
		FA22A72F2435DD410051FAF7 /* Playlist+CoreDataClass.swift in Sources */ = {isa = PBXBuildFile; fileRef = FA22A7292435DD410051FAF7 /* Playlist+CoreDataClass.swift */; };
		FA22A7302435DD410051FAF7 /* Playlist+CoreDataProperties.swift in Sources */ = {isa = PBXBuildFile; fileRef = FA22A72B2435DD410051FAF7 /* Playlist+CoreDataProperties.swift */; };
		FA22A7312435DD410051FAF7 /* PlaylistVideo+CoreDataProperties.swift in Sources */ = {isa = PBXBuildFile; fileRef = FA22A72E2435DD410051FAF7 /* PlaylistVideo+CoreDataProperties.swift */; };
		FA22A7322435DD410051FAF7 /* PlaylistVideo+CoreDataClass.swift in Sources */ = {isa = PBXBuildFile; fileRef = FA22A72C2435DD410051FAF7 /* PlaylistVideo+CoreDataClass.swift */; };
		FA22A7332435DD410051FAF7 /* Recent+CoreDataClass.swift in Sources */ = {isa = PBXBuildFile; fileRef = FA22A72D2435DD410051FAF7 /* Recent+CoreDataClass.swift */; };
		FA22A7342435DD410051FAF7 /* Recent+CoreDataProperties.swift in Sources */ = {isa = PBXBuildFile; fileRef = FA22A72A2435DD410051FAF7 /* Recent+CoreDataProperties.swift */; };
		FA22A7372435DD870051FAF7 /* Video+CoreDataProperties.swift in Sources */ = {isa = PBXBuildFile; fileRef = FA22A7362435DD870051FAF7 /* Video+CoreDataProperties.swift */; };
		FA22A7382435DD870051FAF7 /* Video+CoreDataClass.swift in Sources */ = {isa = PBXBuildFile; fileRef = FA22A7352435DD870051FAF7 /* Video+CoreDataClass.swift */; };
		FA2E52AF2433FABF00966AB5 /* UIView+Extensions.swift in Sources */ = {isa = PBXBuildFile; fileRef = FA2E52A02433FABF00966AB5 /* UIView+Extensions.swift */; };
		FA2E52B32433FABF00966AB5 /* UITextField+Extensions.swift in Sources */ = {isa = PBXBuildFile; fileRef = FA2E52A42433FABF00966AB5 /* UITextField+Extensions.swift */; };
		FA2E52B42433FABF00966AB5 /* OneTextFieldViewController.swift in Sources */ = {isa = PBXBuildFile; fileRef = FA2E52A72433FABF00966AB5 /* OneTextFieldViewController.swift */; };
		FA2E52BB2434006400966AB5 /* UIAlertController+Extensions.swift in Sources */ = {isa = PBXBuildFile; fileRef = FA2E52BA2434006400966AB5 /* UIAlertController+Extensions.swift */; };
		FA2E52C5243400DF00966AB5 /* TextField.swift in Sources */ = {isa = PBXBuildFile; fileRef = FA2E52C0243400DF00966AB5 /* TextField.swift */; };
		FA2E52C92434502500966AB5 /* LibraryDetailViewController.swift in Sources */ = {isa = PBXBuildFile; fileRef = FA2E52C82434502500966AB5 /* LibraryDetailViewController.swift */; };
		FA3E68DD243AD28000A3EFD6 /* PlayerViewController+UICollectionViewDataSource.swift in Sources */ = {isa = PBXBuildFile; fileRef = FA3E68DC243AD28000A3EFD6 /* PlayerViewController+UICollectionViewDataSource.swift */; };
		FA3E68DF243AD30B00A3EFD6 /* PlayerViewController+UITableViewDataSource.swift in Sources */ = {isa = PBXBuildFile; fileRef = FA3E68DE243AD30B00A3EFD6 /* PlayerViewController+UITableViewDataSource.swift */; };
		FA3E68E1243AE7A800A3EFD6 /* SplashViewController.swift in Sources */ = {isa = PBXBuildFile; fileRef = FA3E68E0243AE7A800A3EFD6 /* SplashViewController.swift */; };
		FA3E68E3243AE81100A3EFD6 /* SplashView.storyboard in Resources */ = {isa = PBXBuildFile; fileRef = FA3E68E2243AE81100A3EFD6 /* SplashView.storyboard */; };
		FA60397F24346ED700CE4659 /* LibraryDetailTableViewCell.swift in Sources */ = {isa = PBXBuildFile; fileRef = FA60397E24346ED700CE4659 /* LibraryDetailTableViewCell.swift */; };
		FA727433244568D600CD7BD8 /* KUIViewController.swift in Sources */ = {isa = PBXBuildFile; fileRef = FA727432244568D600CD7BD8 /* KUIViewController.swift */; };
		FA80722D24302A860050BC8D /* HomeTabBarCell.swift in Sources */ = {isa = PBXBuildFile; fileRef = FA80722C24302A860050BC8D /* HomeTabBarCell.swift */; };
		FA80722F243031860050BC8D /* HomeContentViewController.swift in Sources */ = {isa = PBXBuildFile; fileRef = FA80722E243031860050BC8D /* HomeContentViewController.swift */; };
		FA90EC2D243DA9DD00E3F391 /* PlayerView.storyboard in Resources */ = {isa = PBXBuildFile; fileRef = FA90EC2C243DA9DC00E3F391 /* PlayerView.storyboard */; };
		FA90EC2F243DAC6600E3F391 /* HomeContentView.storyboard in Resources */ = {isa = PBXBuildFile; fileRef = FA90EC2E243DAC6600E3F391 /* HomeContentView.storyboard */; };
		FACA4D202443F76B00FFF859 /* MemeViewController.swift in Sources */ = {isa = PBXBuildFile; fileRef = FACA4D1F2443F76B00FFF859 /* MemeViewController.swift */; };
		FACBBC3B243C3B980023FB92 /* SplashViewModel.swift in Sources */ = {isa = PBXBuildFile; fileRef = FACBBC3A243C3B980023FB92 /* SplashViewModel.swift */; };
		FACBBC3D243C3CD60023FB92 /* BaseViewModel.swift in Sources */ = {isa = PBXBuildFile; fileRef = FACBBC3C243C3CD60023FB92 /* BaseViewModel.swift */; };
		FACBBC40243C3F500023FB92 /* SplashViewModelTests.swift in Sources */ = {isa = PBXBuildFile; fileRef = FACBBC3F243C3F500023FB92 /* SplashViewModelTests.swift */; };
		FAD709F12429B11300E48D31 /* HeaderImageModel.swift in Sources */ = {isa = PBXBuildFile; fileRef = FAD709F02429B11300E48D31 /* HeaderImageModel.swift */; };
		FAD709F32429B14200E48D31 /* BrandingSettingsModel.swift in Sources */ = {isa = PBXBuildFile; fileRef = FAD709F22429B14200E48D31 /* BrandingSettingsModel.swift */; };
		FADB867624441D1E00DD24BD /* LibraryDetailView.storyboard in Resources */ = {isa = PBXBuildFile; fileRef = FADB867524441D1E00DD24BD /* LibraryDetailView.storyboard */; };
		FADB86782444211500DD24BD /* NewMemeFromVideosView.storyboard in Resources */ = {isa = PBXBuildFile; fileRef = FADB86772444211500DD24BD /* NewMemeFromVideosView.storyboard */; };
		FADB867C244426EF00DD24BD /* NewMemeFromVideosViewController.swift in Sources */ = {isa = PBXBuildFile; fileRef = FADB867B244426EF00DD24BD /* NewMemeFromVideosViewController.swift */; };
		FADB867E244428AC00DD24BD /* NewMemeFromVideosContentViewController.swift in Sources */ = {isa = PBXBuildFile; fileRef = FADB867D244428AC00DD24BD /* NewMemeFromVideosContentViewController.swift */; };
		FADB86802444340C00DD24BD /* NewMemePickedVideoViewController.swift in Sources */ = {isa = PBXBuildFile; fileRef = FADB867F2444340C00DD24BD /* NewMemePickedVideoViewController.swift */; };
		FADB86842444750700DD24BD /* NewMemeView.storyboard in Resources */ = {isa = PBXBuildFile; fileRef = FADB86832444750700DD24BD /* NewMemeView.storyboard */; };
		FADB86872444758500DD24BD /* NewMemeViewController.swift in Sources */ = {isa = PBXBuildFile; fileRef = FADB86862444758500DD24BD /* NewMemeViewController.swift */; };
		FADEDB1424285E770071C1BB /* AppDelegate.swift in Sources */ = {isa = PBXBuildFile; fileRef = FADEDB1324285E770071C1BB /* AppDelegate.swift */; };
		FADEDB1624285E770071C1BB /* SceneDelegate.swift in Sources */ = {isa = PBXBuildFile; fileRef = FADEDB1524285E770071C1BB /* SceneDelegate.swift */; };
		FADEDB1824285E770071C1BB /* HomeViewController.swift in Sources */ = {isa = PBXBuildFile; fileRef = FADEDB1724285E770071C1BB /* HomeViewController.swift */; };
		FADEDB1B24285E770071C1BB /* Main.storyboard in Resources */ = {isa = PBXBuildFile; fileRef = FADEDB1924285E770071C1BB /* Main.storyboard */; };
		FADEDB1E24285E770071C1BB /* Pengsoo_Tube.xcdatamodeld in Sources */ = {isa = PBXBuildFile; fileRef = FADEDB1C24285E770071C1BB /* Pengsoo_Tube.xcdatamodeld */; };
		FADEDB2024285E7A0071C1BB /* Assets.xcassets in Resources */ = {isa = PBXBuildFile; fileRef = FADEDB1F24285E7A0071C1BB /* Assets.xcassets */; };
		FADEDB2324285E7A0071C1BB /* LaunchScreen.storyboard in Resources */ = {isa = PBXBuildFile; fileRef = FADEDB2124285E7A0071C1BB /* LaunchScreen.storyboard */; };
		FADEDB2E24285E7A0071C1BB /* HomeViewModelTests.swift in Sources */ = {isa = PBXBuildFile; fileRef = FADEDB2D24285E7A0071C1BB /* HomeViewModelTests.swift */; };
		FADEDB3C242868A20071C1BB /* HomeViewModel.swift in Sources */ = {isa = PBXBuildFile; fileRef = FADEDB3B242868A20071C1BB /* HomeViewModel.swift */; };
		FADEDB3E242868FB0071C1BB /* ViewModelDelegate.swift in Sources */ = {isa = PBXBuildFile; fileRef = FADEDB3D242868FB0071C1BB /* ViewModelDelegate.swift */; };
		FADEDB4024286A6D0071C1BB /* YoutubeListModel.swift in Sources */ = {isa = PBXBuildFile; fileRef = FADEDB3F24286A6D0071C1BB /* YoutubeListModel.swift */; };
		FADEDB4224286AD60071C1BB /* YoutubeSnippetModel.swift in Sources */ = {isa = PBXBuildFile; fileRef = FADEDB4124286AD60071C1BB /* YoutubeSnippetModel.swift */; };
		FADEDB4424286CE60071C1BB /* YoutubeVideoIdModel.swift in Sources */ = {isa = PBXBuildFile; fileRef = FADEDB4324286CE60071C1BB /* YoutubeVideoIdModel.swift */; };
		FADEDB4624286E130071C1BB /* YoutubeItemModel.swift in Sources */ = {isa = PBXBuildFile; fileRef = FADEDB4524286E130071C1BB /* YoutubeItemModel.swift */; };
		FADEDB4824286F040071C1BB /* YoutubeThumbnailsModel.swift in Sources */ = {isa = PBXBuildFile; fileRef = FADEDB4724286F040071C1BB /* YoutubeThumbnailsModel.swift */; };
		FADEDB4A24286F100071C1BB /* YoutubeThumbnailModel.swift in Sources */ = {isa = PBXBuildFile; fileRef = FADEDB4924286F100071C1BB /* YoutubeThumbnailModel.swift */; };
		FADEDB4D2428717A0071C1BB /* AppConstants.swift in Sources */ = {isa = PBXBuildFile; fileRef = FADEDB4C2428717A0071C1BB /* AppConstants.swift */; };
		FADEDB58242890DC0071C1BB /* pengsooList_page1.json in Resources */ = {isa = PBXBuildFile; fileRef = FADEDB55242890DC0071C1BB /* pengsooList_page1.json */; };
		FAE11CEE243292A20077B5B2 /* LibraryCollectionViewCell.swift in Sources */ = {isa = PBXBuildFile; fileRef = FAE11CED243292A20077B5B2 /* LibraryCollectionViewCell.swift */; };
		FAE11CF0243292B70077B5B2 /* LibraryTableViewCell.swift in Sources */ = {isa = PBXBuildFile; fileRef = FAE11CEF243292B70077B5B2 /* LibraryTableViewCell.swift */; };
		FAE11CF2243292C90077B5B2 /* LibraryViewController.swift in Sources */ = {isa = PBXBuildFile; fileRef = FAE11CF1243292C90077B5B2 /* LibraryViewController.swift */; };
		FAE11CF42432C3490077B5B2 /* VideoItemModel.swift in Sources */ = {isa = PBXBuildFile; fileRef = FAE11CF32432C3490077B5B2 /* VideoItemModel.swift */; };
		FAE11CF92432C8C50077B5B2 /* PlayerViewModel.swift in Sources */ = {isa = PBXBuildFile; fileRef = FAE11CF82432C8C50077B5B2 /* PlayerViewModel.swift */; };
		FAE11CFB2432E1C20077B5B2 /* PlayerViewModelTests.swift in Sources */ = {isa = PBXBuildFile; fileRef = FAE11CFA2432E1C20077B5B2 /* PlayerViewModelTests.swift */; };
		FAE95C72242D85B8003AD3AD /* Util.swift in Sources */ = {isa = PBXBuildFile; fileRef = FAE95C71242D85B8003AD3AD /* Util.swift */; };
		FAF59120242CC13200EED00B /* ParentViewController.swift in Sources */ = {isa = PBXBuildFile; fileRef = FAF5911F242CC13200EED00B /* ParentViewController.swift */; };
		FAF59122242CC9B100EED00B /* PlayerViewController.swift in Sources */ = {isa = PBXBuildFile; fileRef = FAF59121242CC9B100EED00B /* PlayerViewController.swift */; };
/* End PBXBuildFile section */

/* Begin PBXContainerItemProxy section */
		FADEDB2A24285E7A0071C1BB /* PBXContainerItemProxy */ = {
			isa = PBXContainerItemProxy;
			containerPortal = FADEDB0824285E770071C1BB /* Project object */;
			proxyType = 1;
			remoteGlobalIDString = FADEDB0F24285E770071C1BB;
			remoteInfo = "Pengsoo-Tube";
		};
/* End PBXContainerItemProxy section */

/* Begin PBXFileReference section */
		1057ADE1B03F83881288FFED /* Pods_Pengsoo_Tube.framework */ = {isa = PBXFileReference; explicitFileType = wrapper.framework; includeInIndex = 0; path = Pods_Pengsoo_Tube.framework; sourceTree = BUILT_PRODUCTS_DIR; };
		1DED306D22B0E20A4F1E80D1 /* Pods_Pengsoo_TubeTests.framework */ = {isa = PBXFileReference; explicitFileType = wrapper.framework; includeInIndex = 0; path = Pods_Pengsoo_TubeTests.framework; sourceTree = BUILT_PRODUCTS_DIR; };
		6A42FF04C5E71F3D1C1BE289 /* Pods-Pengsoo-TubeTests.release.xcconfig */ = {isa = PBXFileReference; includeInIndex = 1; lastKnownFileType = text.xcconfig; name = "Pods-Pengsoo-TubeTests.release.xcconfig"; path = "Target Support Files/Pods-Pengsoo-TubeTests/Pods-Pengsoo-TubeTests.release.xcconfig"; sourceTree = "<group>"; };
		B12FCB09F2BAC94E7CF20721 /* Pods-Pengsoo-TubeTests.debug.xcconfig */ = {isa = PBXFileReference; includeInIndex = 1; lastKnownFileType = text.xcconfig; name = "Pods-Pengsoo-TubeTests.debug.xcconfig"; path = "Target Support Files/Pods-Pengsoo-TubeTests/Pods-Pengsoo-TubeTests.debug.xcconfig"; sourceTree = "<group>"; };
		C47C63B31EBCC4E6A750E899 /* Pods-Pengsoo-Tube.debug.xcconfig */ = {isa = PBXFileReference; includeInIndex = 1; lastKnownFileType = text.xcconfig; name = "Pods-Pengsoo-Tube.debug.xcconfig"; path = "Target Support Files/Pods-Pengsoo-Tube/Pods-Pengsoo-Tube.debug.xcconfig"; sourceTree = "<group>"; };
		E703FF0BF36D7A707D6614CE /* Pods-Pengsoo-Tube.release.xcconfig */ = {isa = PBXFileReference; includeInIndex = 1; lastKnownFileType = text.xcconfig; name = "Pods-Pengsoo-Tube.release.xcconfig"; path = "Target Support Files/Pods-Pengsoo-Tube/Pods-Pengsoo-Tube.release.xcconfig"; sourceTree = "<group>"; };
		FA015DED242C6A15007CBDBC /* HomeTableViewCell.swift */ = {isa = PBXFileReference; lastKnownFileType = sourcecode.swift; path = HomeTableViewCell.swift; sourceTree = "<group>"; };
		FA13DC10242C7CE20031826A /* InsetLabel.swift */ = {isa = PBXFileReference; lastKnownFileType = sourcecode.swift; path = InsetLabel.swift; sourceTree = "<group>"; };
		FA1A162E2429FD6D00740ADE /* LibraryViewModel.swift */ = {isa = PBXFileReference; lastKnownFileType = sourcecode.swift; path = LibraryViewModel.swift; sourceTree = "<group>"; };
		FA1A1670242AE79C00740ADE /* LibraryViewModelTests.swift */ = {isa = PBXFileReference; lastKnownFileType = sourcecode.swift; path = LibraryViewModelTests.swift; sourceTree = "<group>"; };
		FA1A1672242B099400740ADE /* LibraryDetailViewModel.swift */ = {isa = PBXFileReference; lastKnownFileType = sourcecode.swift; path = LibraryDetailViewModel.swift; sourceTree = "<group>"; };
		FA1A1674242B169000740ADE /* LibraryDetailViewModelTests.swift */ = {isa = PBXFileReference; lastKnownFileType = sourcecode.swift; path = LibraryDetailViewModelTests.swift; sourceTree = "<group>"; };
		FA1A64002434A20D00A3212E /* YoutubePlayerView.swift */ = {isa = PBXFileReference; fileEncoding = 4; lastKnownFileType = sourcecode.swift; path = YoutubePlayerView.swift; sourceTree = "<group>"; };
		FA1A64012434A20D00A3212E /* YoutubePlayerExtras.swift */ = {isa = PBXFileReference; fileEncoding = 4; lastKnownFileType = sourcecode.swift; path = YoutubePlayerExtras.swift; sourceTree = "<group>"; };
		FA1EFBCC24384D590022D6C6 /* YoutubeContentDetails.swift */ = {isa = PBXFileReference; lastKnownFileType = sourcecode.swift; path = YoutubeContentDetails.swift; sourceTree = "<group>"; };
		FA22A70F2435B76A0051FAF7 /* PlaylistModel.swift */ = {isa = PBXFileReference; lastKnownFileType = sourcecode.swift; path = PlaylistModel.swift; sourceTree = "<group>"; };
		FA22A7292435DD410051FAF7 /* Playlist+CoreDataClass.swift */ = {isa = PBXFileReference; lastKnownFileType = sourcecode.swift; name = "Playlist+CoreDataClass.swift"; path = "/Users/yejunpark/Workspace/Pengsoo-Tube/Pengsoo-Tube/Model/Library/Playlist+CoreDataClass.swift"; sourceTree = "<absolute>"; };
		FA22A72A2435DD410051FAF7 /* Recent+CoreDataProperties.swift */ = {isa = PBXFileReference; lastKnownFileType = sourcecode.swift; name = "Recent+CoreDataProperties.swift"; path = "/Users/yejunpark/Workspace/Pengsoo-Tube/Pengsoo-Tube/Model/Library/Recent+CoreDataProperties.swift"; sourceTree = "<absolute>"; };
		FA22A72B2435DD410051FAF7 /* Playlist+CoreDataProperties.swift */ = {isa = PBXFileReference; lastKnownFileType = sourcecode.swift; name = "Playlist+CoreDataProperties.swift"; path = "/Users/yejunpark/Workspace/Pengsoo-Tube/Pengsoo-Tube/Model/Library/Playlist+CoreDataProperties.swift"; sourceTree = "<absolute>"; };
		FA22A72C2435DD410051FAF7 /* PlaylistVideo+CoreDataClass.swift */ = {isa = PBXFileReference; lastKnownFileType = sourcecode.swift; name = "PlaylistVideo+CoreDataClass.swift"; path = "/Users/yejunpark/Workspace/Pengsoo-Tube/Pengsoo-Tube/Model/Library/PlaylistVideo+CoreDataClass.swift"; sourceTree = "<absolute>"; };
		FA22A72D2435DD410051FAF7 /* Recent+CoreDataClass.swift */ = {isa = PBXFileReference; lastKnownFileType = sourcecode.swift; name = "Recent+CoreDataClass.swift"; path = "/Users/yejunpark/Workspace/Pengsoo-Tube/Pengsoo-Tube/Model/Library/Recent+CoreDataClass.swift"; sourceTree = "<absolute>"; };
		FA22A72E2435DD410051FAF7 /* PlaylistVideo+CoreDataProperties.swift */ = {isa = PBXFileReference; lastKnownFileType = sourcecode.swift; name = "PlaylistVideo+CoreDataProperties.swift"; path = "/Users/yejunpark/Workspace/Pengsoo-Tube/Pengsoo-Tube/Model/Library/PlaylistVideo+CoreDataProperties.swift"; sourceTree = "<absolute>"; };
		FA22A7352435DD870051FAF7 /* Video+CoreDataClass.swift */ = {isa = PBXFileReference; lastKnownFileType = sourcecode.swift; name = "Video+CoreDataClass.swift"; path = "/Users/yejunpark/Workspace/Pengsoo-Tube/Pengsoo-Tube/Model/Library/Video+CoreDataClass.swift"; sourceTree = "<absolute>"; };
		FA22A7362435DD870051FAF7 /* Video+CoreDataProperties.swift */ = {isa = PBXFileReference; lastKnownFileType = sourcecode.swift; name = "Video+CoreDataProperties.swift"; path = "/Users/yejunpark/Workspace/Pengsoo-Tube/Pengsoo-Tube/Model/Library/Video+CoreDataProperties.swift"; sourceTree = "<absolute>"; };
		FA2E52A02433FABF00966AB5 /* UIView+Extensions.swift */ = {isa = PBXFileReference; fileEncoding = 4; lastKnownFileType = sourcecode.swift; path = "UIView+Extensions.swift"; sourceTree = "<group>"; };
		FA2E52A42433FABF00966AB5 /* UITextField+Extensions.swift */ = {isa = PBXFileReference; fileEncoding = 4; lastKnownFileType = sourcecode.swift; path = "UITextField+Extensions.swift"; sourceTree = "<group>"; };
		FA2E52A72433FABF00966AB5 /* OneTextFieldViewController.swift */ = {isa = PBXFileReference; fileEncoding = 4; lastKnownFileType = sourcecode.swift; path = OneTextFieldViewController.swift; sourceTree = "<group>"; };
		FA2E52BA2434006400966AB5 /* UIAlertController+Extensions.swift */ = {isa = PBXFileReference; fileEncoding = 4; lastKnownFileType = sourcecode.swift; path = "UIAlertController+Extensions.swift"; sourceTree = "<group>"; };
		FA2E52C0243400DF00966AB5 /* TextField.swift */ = {isa = PBXFileReference; fileEncoding = 4; lastKnownFileType = sourcecode.swift; path = TextField.swift; sourceTree = "<group>"; };
		FA2E52C82434502500966AB5 /* LibraryDetailViewController.swift */ = {isa = PBXFileReference; lastKnownFileType = sourcecode.swift; path = LibraryDetailViewController.swift; sourceTree = "<group>"; };
		FA3E68DC243AD28000A3EFD6 /* PlayerViewController+UICollectionViewDataSource.swift */ = {isa = PBXFileReference; lastKnownFileType = sourcecode.swift; path = "PlayerViewController+UICollectionViewDataSource.swift"; sourceTree = "<group>"; };
		FA3E68DE243AD30B00A3EFD6 /* PlayerViewController+UITableViewDataSource.swift */ = {isa = PBXFileReference; lastKnownFileType = sourcecode.swift; path = "PlayerViewController+UITableViewDataSource.swift"; sourceTree = "<group>"; };
		FA3E68E0243AE7A800A3EFD6 /* SplashViewController.swift */ = {isa = PBXFileReference; lastKnownFileType = sourcecode.swift; path = SplashViewController.swift; sourceTree = "<group>"; };
		FA3E68E2243AE81100A3EFD6 /* SplashView.storyboard */ = {isa = PBXFileReference; lastKnownFileType = file.storyboard; path = SplashView.storyboard; sourceTree = "<group>"; };
		FA60397E24346ED700CE4659 /* LibraryDetailTableViewCell.swift */ = {isa = PBXFileReference; lastKnownFileType = sourcecode.swift; path = LibraryDetailTableViewCell.swift; sourceTree = "<group>"; };
		FA727432244568D600CD7BD8 /* KUIViewController.swift */ = {isa = PBXFileReference; fileEncoding = 4; lastKnownFileType = sourcecode.swift; path = KUIViewController.swift; sourceTree = "<group>"; };
		FA80722C24302A860050BC8D /* HomeTabBarCell.swift */ = {isa = PBXFileReference; lastKnownFileType = sourcecode.swift; path = HomeTabBarCell.swift; sourceTree = "<group>"; };
		FA80722E243031860050BC8D /* HomeContentViewController.swift */ = {isa = PBXFileReference; lastKnownFileType = sourcecode.swift; path = HomeContentViewController.swift; sourceTree = "<group>"; };
		FA90EC2C243DA9DC00E3F391 /* PlayerView.storyboard */ = {isa = PBXFileReference; fileEncoding = 4; lastKnownFileType = file.storyboard; path = PlayerView.storyboard; sourceTree = "<group>"; };
		FA90EC2E243DAC6600E3F391 /* HomeContentView.storyboard */ = {isa = PBXFileReference; fileEncoding = 4; lastKnownFileType = file.storyboard; path = HomeContentView.storyboard; sourceTree = "<group>"; };
		FACA4D1F2443F76B00FFF859 /* MemeViewController.swift */ = {isa = PBXFileReference; lastKnownFileType = sourcecode.swift; path = MemeViewController.swift; sourceTree = "<group>"; };
		FACBBC3A243C3B980023FB92 /* SplashViewModel.swift */ = {isa = PBXFileReference; fileEncoding = 4; lastKnownFileType = sourcecode.swift; path = SplashViewModel.swift; sourceTree = "<group>"; };
		FACBBC3C243C3CD60023FB92 /* BaseViewModel.swift */ = {isa = PBXFileReference; lastKnownFileType = sourcecode.swift; path = BaseViewModel.swift; sourceTree = "<group>"; };
		FACBBC3F243C3F500023FB92 /* SplashViewModelTests.swift */ = {isa = PBXFileReference; fileEncoding = 4; lastKnownFileType = sourcecode.swift; path = SplashViewModelTests.swift; sourceTree = "<group>"; };
		FAD709F02429B11300E48D31 /* HeaderImageModel.swift */ = {isa = PBXFileReference; lastKnownFileType = sourcecode.swift; path = HeaderImageModel.swift; sourceTree = "<group>"; };
		FAD709F22429B14200E48D31 /* BrandingSettingsModel.swift */ = {isa = PBXFileReference; lastKnownFileType = sourcecode.swift; path = BrandingSettingsModel.swift; sourceTree = "<group>"; };
		FADB867524441D1E00DD24BD /* LibraryDetailView.storyboard */ = {isa = PBXFileReference; fileEncoding = 4; lastKnownFileType = file.storyboard; path = LibraryDetailView.storyboard; sourceTree = "<group>"; };
		FADB86772444211500DD24BD /* NewMemeFromVideosView.storyboard */ = {isa = PBXFileReference; lastKnownFileType = file.storyboard; path = NewMemeFromVideosView.storyboard; sourceTree = "<group>"; };
		FADB867B244426EF00DD24BD /* NewMemeFromVideosViewController.swift */ = {isa = PBXFileReference; lastKnownFileType = sourcecode.swift; path = NewMemeFromVideosViewController.swift; sourceTree = "<group>"; };
		FADB867D244428AC00DD24BD /* NewMemeFromVideosContentViewController.swift */ = {isa = PBXFileReference; fileEncoding = 4; lastKnownFileType = sourcecode.swift; path = NewMemeFromVideosContentViewController.swift; sourceTree = "<group>"; };
		FADB867F2444340C00DD24BD /* NewMemePickedVideoViewController.swift */ = {isa = PBXFileReference; lastKnownFileType = sourcecode.swift; path = NewMemePickedVideoViewController.swift; sourceTree = "<group>"; };
		FADB86832444750700DD24BD /* NewMemeView.storyboard */ = {isa = PBXFileReference; lastKnownFileType = file.storyboard; path = NewMemeView.storyboard; sourceTree = "<group>"; };
		FADB86862444758500DD24BD /* NewMemeViewController.swift */ = {isa = PBXFileReference; lastKnownFileType = sourcecode.swift; path = NewMemeViewController.swift; sourceTree = "<group>"; };
		FADEDB1024285E770071C1BB /* PENG-HA! Tube.app */ = {isa = PBXFileReference; explicitFileType = wrapper.application; includeInIndex = 0; path = "PENG-HA! Tube.app"; sourceTree = BUILT_PRODUCTS_DIR; };
		FADEDB1324285E770071C1BB /* AppDelegate.swift */ = {isa = PBXFileReference; lastKnownFileType = sourcecode.swift; path = AppDelegate.swift; sourceTree = "<group>"; };
		FADEDB1524285E770071C1BB /* SceneDelegate.swift */ = {isa = PBXFileReference; lastKnownFileType = sourcecode.swift; path = SceneDelegate.swift; sourceTree = "<group>"; };
		FADEDB1724285E770071C1BB /* HomeViewController.swift */ = {isa = PBXFileReference; lastKnownFileType = sourcecode.swift; path = HomeViewController.swift; sourceTree = "<group>"; };
		FADEDB1A24285E770071C1BB /* Base */ = {isa = PBXFileReference; lastKnownFileType = file.storyboard; name = Base; path = Base.lproj/Main.storyboard; sourceTree = "<group>"; };
		FADEDB1D24285E770071C1BB /* Pengsoo_Tube.xcdatamodel */ = {isa = PBXFileReference; lastKnownFileType = wrapper.xcdatamodel; path = Pengsoo_Tube.xcdatamodel; sourceTree = "<group>"; };
		FADEDB1F24285E7A0071C1BB /* Assets.xcassets */ = {isa = PBXFileReference; lastKnownFileType = folder.assetcatalog; path = Assets.xcassets; sourceTree = "<group>"; };
		FADEDB2224285E7A0071C1BB /* Base */ = {isa = PBXFileReference; lastKnownFileType = file.storyboard; name = Base; path = Base.lproj/LaunchScreen.storyboard; sourceTree = "<group>"; };
		FADEDB2424285E7A0071C1BB /* Info.plist */ = {isa = PBXFileReference; lastKnownFileType = text.plist.xml; path = Info.plist; sourceTree = "<group>"; };
		FADEDB2924285E7A0071C1BB /* Pengsoo-TubeTests.xctest */ = {isa = PBXFileReference; explicitFileType = wrapper.cfbundle; includeInIndex = 0; path = "Pengsoo-TubeTests.xctest"; sourceTree = BUILT_PRODUCTS_DIR; };
		FADEDB2D24285E7A0071C1BB /* HomeViewModelTests.swift */ = {isa = PBXFileReference; lastKnownFileType = sourcecode.swift; path = HomeViewModelTests.swift; sourceTree = "<group>"; };
		FADEDB2F24285E7A0071C1BB /* Info.plist */ = {isa = PBXFileReference; lastKnownFileType = text.plist.xml; path = Info.plist; sourceTree = "<group>"; };
		FADEDB3B242868A20071C1BB /* HomeViewModel.swift */ = {isa = PBXFileReference; lastKnownFileType = sourcecode.swift; path = HomeViewModel.swift; sourceTree = "<group>"; };
		FADEDB3D242868FB0071C1BB /* ViewModelDelegate.swift */ = {isa = PBXFileReference; lastKnownFileType = sourcecode.swift; path = ViewModelDelegate.swift; sourceTree = "<group>"; };
		FADEDB3F24286A6D0071C1BB /* YoutubeListModel.swift */ = {isa = PBXFileReference; lastKnownFileType = sourcecode.swift; path = YoutubeListModel.swift; sourceTree = "<group>"; };
		FADEDB4124286AD60071C1BB /* YoutubeSnippetModel.swift */ = {isa = PBXFileReference; lastKnownFileType = sourcecode.swift; path = YoutubeSnippetModel.swift; sourceTree = "<group>"; };
		FADEDB4324286CE60071C1BB /* YoutubeVideoIdModel.swift */ = {isa = PBXFileReference; lastKnownFileType = sourcecode.swift; path = YoutubeVideoIdModel.swift; sourceTree = "<group>"; };
		FADEDB4524286E130071C1BB /* YoutubeItemModel.swift */ = {isa = PBXFileReference; lastKnownFileType = sourcecode.swift; path = YoutubeItemModel.swift; sourceTree = "<group>"; };
		FADEDB4724286F040071C1BB /* YoutubeThumbnailsModel.swift */ = {isa = PBXFileReference; lastKnownFileType = sourcecode.swift; path = YoutubeThumbnailsModel.swift; sourceTree = "<group>"; };
		FADEDB4924286F100071C1BB /* YoutubeThumbnailModel.swift */ = {isa = PBXFileReference; lastKnownFileType = sourcecode.swift; path = YoutubeThumbnailModel.swift; sourceTree = "<group>"; };
		FADEDB4C2428717A0071C1BB /* AppConstants.swift */ = {isa = PBXFileReference; lastKnownFileType = sourcecode.swift; path = AppConstants.swift; sourceTree = "<group>"; };
		FADEDB55242890DC0071C1BB /* pengsooList_page1.json */ = {isa = PBXFileReference; fileEncoding = 4; lastKnownFileType = text.json; path = pengsooList_page1.json; sourceTree = "<group>"; };
		FAE11CED243292A20077B5B2 /* LibraryCollectionViewCell.swift */ = {isa = PBXFileReference; lastKnownFileType = sourcecode.swift; path = LibraryCollectionViewCell.swift; sourceTree = "<group>"; };
		FAE11CEF243292B70077B5B2 /* LibraryTableViewCell.swift */ = {isa = PBXFileReference; lastKnownFileType = sourcecode.swift; path = LibraryTableViewCell.swift; sourceTree = "<group>"; };
		FAE11CF1243292C90077B5B2 /* LibraryViewController.swift */ = {isa = PBXFileReference; lastKnownFileType = sourcecode.swift; path = LibraryViewController.swift; sourceTree = "<group>"; };
		FAE11CF32432C3490077B5B2 /* VideoItemModel.swift */ = {isa = PBXFileReference; lastKnownFileType = sourcecode.swift; path = VideoItemModel.swift; sourceTree = "<group>"; };
		FAE11CF82432C8C50077B5B2 /* PlayerViewModel.swift */ = {isa = PBXFileReference; lastKnownFileType = sourcecode.swift; path = PlayerViewModel.swift; sourceTree = "<group>"; };
		FAE11CFA2432E1C20077B5B2 /* PlayerViewModelTests.swift */ = {isa = PBXFileReference; lastKnownFileType = sourcecode.swift; path = PlayerViewModelTests.swift; sourceTree = "<group>"; };
		FAE95C71242D85B8003AD3AD /* Util.swift */ = {isa = PBXFileReference; lastKnownFileType = sourcecode.swift; path = Util.swift; sourceTree = "<group>"; };
		FAF5911F242CC13200EED00B /* ParentViewController.swift */ = {isa = PBXFileReference; lastKnownFileType = sourcecode.swift; path = ParentViewController.swift; sourceTree = "<group>"; };
		FAF59121242CC9B100EED00B /* PlayerViewController.swift */ = {isa = PBXFileReference; lastKnownFileType = sourcecode.swift; path = PlayerViewController.swift; sourceTree = "<group>"; };
/* End PBXFileReference section */

/* Begin PBXFrameworksBuildPhase section */
		FADEDB0D24285E770071C1BB /* Frameworks */ = {
			isa = PBXFrameworksBuildPhase;
			buildActionMask = 2147483647;
			files = (
				6C72767605DF172FEBC195BB /* Pods_Pengsoo_Tube.framework in Frameworks */,
			);
			runOnlyForDeploymentPostprocessing = 0;
		};
		FADEDB2624285E7A0071C1BB /* Frameworks */ = {
			isa = PBXFrameworksBuildPhase;
			buildActionMask = 2147483647;
			files = (
				BDB698328EDB81CF59C14F87 /* Pods_Pengsoo_TubeTests.framework in Frameworks */,
			);
			runOnlyForDeploymentPostprocessing = 0;
		};
/* End PBXFrameworksBuildPhase section */

/* Begin PBXGroup section */
		439DD0C3D8B87EEEC02652BC /* Pods */ = {
			isa = PBXGroup;
			children = (
				C47C63B31EBCC4E6A750E899 /* Pods-Pengsoo-Tube.debug.xcconfig */,
				E703FF0BF36D7A707D6614CE /* Pods-Pengsoo-Tube.release.xcconfig */,
				B12FCB09F2BAC94E7CF20721 /* Pods-Pengsoo-TubeTests.debug.xcconfig */,
				6A42FF04C5E71F3D1C1BE289 /* Pods-Pengsoo-TubeTests.release.xcconfig */,
			);
			path = Pods;
			sourceTree = "<group>";
		};
		FA189DC2243AEB5900BE6234 /* Splash */ = {
			isa = PBXGroup;
			children = (
				FA3E68E0243AE7A800A3EFD6 /* SplashViewController.swift */,
				FA3E68E2243AE81100A3EFD6 /* SplashView.storyboard */,
			);
			path = Splash;
			sourceTree = "<group>";
		};
		FA1A63FF2434A20D00A3212E /* YoutubePlayerView */ = {
			isa = PBXGroup;
			children = (
				FA1A64002434A20D00A3212E /* YoutubePlayerView.swift */,
				FA1A64012434A20D00A3212E /* YoutubePlayerExtras.swift */,
			);
			path = YoutubePlayerView;
			sourceTree = "<group>";
		};
		FA2E529D2433FABF00966AB5 /* CustomAlerts */ = {
			isa = PBXGroup;
			children = (
				FA2E529E2433FABF00966AB5 /* Extensions */,
				FA2E52A52433FABF00966AB5 /* Pickers */,
				FA2E52BC243400DF00966AB5 /* Views */,
			);
			path = CustomAlerts;
			sourceTree = "<group>";
		};
		FA2E529E2433FABF00966AB5 /* Extensions */ = {
			isa = PBXGroup;
			children = (
				FA2E52BA2434006400966AB5 /* UIAlertController+Extensions.swift */,
				FA2E52A02433FABF00966AB5 /* UIView+Extensions.swift */,
				FA2E52A42433FABF00966AB5 /* UITextField+Extensions.swift */,
			);
			path = Extensions;
			sourceTree = "<group>";
		};
		FA2E52A52433FABF00966AB5 /* Pickers */ = {
			isa = PBXGroup;
			children = (
				FA2E52A62433FABF00966AB5 /* TextFields */,
			);
			path = Pickers;
			sourceTree = "<group>";
		};
		FA2E52A62433FABF00966AB5 /* TextFields */ = {
			isa = PBXGroup;
			children = (
				FA2E52A72433FABF00966AB5 /* OneTextFieldViewController.swift */,
			);
			path = TextFields;
			sourceTree = "<group>";
		};
		FA2E52BC243400DF00966AB5 /* Views */ = {
			isa = PBXGroup;
			children = (
				FA2E52C0243400DF00966AB5 /* TextField.swift */,
			);
			path = Views;
			sourceTree = "<group>";
		};
		FA817EDBDBF8563024BACAF0 /* Frameworks */ = {
			isa = PBXGroup;
			children = (
				1057ADE1B03F83881288FFED /* Pods_Pengsoo_Tube.framework */,
				1DED306D22B0E20A4F1E80D1 /* Pods_Pengsoo_TubeTests.framework */,
			);
			name = Frameworks;
			sourceTree = "<group>";
		};
		FABC8E842431589D00038987 /* Home */ = {
			isa = PBXGroup;
			children = (
				FADEDB1724285E770071C1BB /* HomeViewController.swift */,
				FA80722C24302A860050BC8D /* HomeTabBarCell.swift */,
				FA015DED242C6A15007CBDBC /* HomeTableViewCell.swift */,
				FA80722E243031860050BC8D /* HomeContentViewController.swift */,
				FA90EC2E243DAC6600E3F391 /* HomeContentView.storyboard */,
			);
			path = Home;
			sourceTree = "<group>";
		};
		FAC58675243178DC0091F0E8 /* Library */ = {
			isa = PBXGroup;
			children = (
				FACBBC3E243C3D6A0023FB92 /* Detail */,
				FAE11CF1243292C90077B5B2 /* LibraryViewController.swift */,
				FAE11CEF243292B70077B5B2 /* LibraryTableViewCell.swift */,
				FAE11CED243292A20077B5B2 /* LibraryCollectionViewCell.swift */,
			);
			path = Library;
			sourceTree = "<group>";
		};
		FAC58676243178E80091F0E8 /* Home */ = {
			isa = PBXGroup;
			children = (
				FADEDB3B242868A20071C1BB /* HomeViewModel.swift */,
			);
			path = Home;
			sourceTree = "<group>";
		};
		FAC58677243178EF0091F0E8 /* Library */ = {
			isa = PBXGroup;
			children = (
				FA1A162E2429FD6D00740ADE /* LibraryViewModel.swift */,
				FA1A1672242B099400740ADE /* LibraryDetailViewModel.swift */,
			);
			path = Library;
			sourceTree = "<group>";
		};
		FAC58678243179250091F0E8 /* Home */ = {
			isa = PBXGroup;
			children = (
				FADEDB3F24286A6D0071C1BB /* YoutubeListModel.swift */,
				FADEDB4524286E130071C1BB /* YoutubeItemModel.swift */,
				FADEDB4124286AD60071C1BB /* YoutubeSnippetModel.swift */,
				FADEDB4324286CE60071C1BB /* YoutubeVideoIdModel.swift */,
				FADEDB4724286F040071C1BB /* YoutubeThumbnailsModel.swift */,
				FADEDB4924286F100071C1BB /* YoutubeThumbnailModel.swift */,
				FA1EFBCC24384D590022D6C6 /* YoutubeContentDetails.swift */,
			);
			path = Home;
			sourceTree = "<group>";
		};
		FAC58679243179290091F0E8 /* Library */ = {
			isa = PBXGroup;
			children = (
				FA22A70F2435B76A0051FAF7 /* PlaylistModel.swift */,
				FA22A72C2435DD410051FAF7 /* PlaylistVideo+CoreDataClass.swift */,
				FA22A72E2435DD410051FAF7 /* PlaylistVideo+CoreDataProperties.swift */,
				FA22A72D2435DD410051FAF7 /* Recent+CoreDataClass.swift */,
				FA22A72A2435DD410051FAF7 /* Recent+CoreDataProperties.swift */,
				FA22A7292435DD410051FAF7 /* Playlist+CoreDataClass.swift */,
				FA22A72B2435DD410051FAF7 /* Playlist+CoreDataProperties.swift */,
				FA22A7352435DD870051FAF7 /* Video+CoreDataClass.swift */,
				FA22A7362435DD870051FAF7 /* Video+CoreDataProperties.swift */,
			);
			path = Library;
			sourceTree = "<group>";
		};
		FACA4D1C2443F71400FFF859 /* Meme */ = {
			isa = PBXGroup;
			children = (
			);
			path = Meme;
			sourceTree = "<group>";
		};
		FACA4D1D2443F72000FFF859 /* Meme */ = {
			isa = PBXGroup;
			children = (
			);
			path = Meme;
			sourceTree = "<group>";
		};
		FACA4D1E2443F72500FFF859 /* Meme */ = {
			isa = PBXGroup;
			children = (
				FADB8679244421CC00DD24BD /* NewMeme */,
				FACA4D1F2443F76B00FFF859 /* MemeViewController.swift */,
			);
			path = Meme;
			sourceTree = "<group>";
		};
		FACBBC39243C3B750023FB92 /* Splash */ = {
			isa = PBXGroup;
			children = (
				FACBBC3A243C3B980023FB92 /* SplashViewModel.swift */,
			);
			path = Splash;
			sourceTree = "<group>";
		};
		FACBBC3E243C3D6A0023FB92 /* Detail */ = {
			isa = PBXGroup;
			children = (
				FA2E52C82434502500966AB5 /* LibraryDetailViewController.swift */,
				FA60397E24346ED700CE4659 /* LibraryDetailTableViewCell.swift */,
				FADB867524441D1E00DD24BD /* LibraryDetailView.storyboard */,
			);
			path = Detail;
			sourceTree = "<group>";
		};
		FACBBC41243C46AE0023FB92 /* Splash */ = {
			isa = PBXGroup;
			children = (
				FAD709F22429B14200E48D31 /* BrandingSettingsModel.swift */,
				FAD709F02429B11300E48D31 /* HeaderImageModel.swift */,
			);
			path = Splash;
			sourceTree = "<group>";
		};
		FADB8679244421CC00DD24BD /* NewMeme */ = {
			isa = PBXGroup;
			children = (
				FADB86852444750F00DD24BD /* FromPhotos */,
				FADB867A244421D200DD24BD /* FromVideos */,
				FADB86862444758500DD24BD /* NewMemeViewController.swift */,
				FADB86832444750700DD24BD /* NewMemeView.storyboard */,
			);
			path = NewMeme;
			sourceTree = "<group>";
		};
		FADB867A244421D200DD24BD /* FromVideos */ = {
			isa = PBXGroup;
			children = (
				FADB867B244426EF00DD24BD /* NewMemeFromVideosViewController.swift */,
				FADB867D244428AC00DD24BD /* NewMemeFromVideosContentViewController.swift */,
				FADB867F2444340C00DD24BD /* NewMemePickedVideoViewController.swift */,
				FADB86772444211500DD24BD /* NewMemeFromVideosView.storyboard */,
			);
			path = FromVideos;
			sourceTree = "<group>";
		};
		FADB86852444750F00DD24BD /* FromPhotos */ = {
			isa = PBXGroup;
			children = (
			);
			path = FromPhotos;
			sourceTree = "<group>";
		};
		FADEDB0724285E770071C1BB = {
			isa = PBXGroup;
			children = (
				FADEDB1224285E770071C1BB /* Pengsoo-Tube */,
				FADEDB2C24285E7A0071C1BB /* Pengsoo-TubeTests */,
				FADEDB1124285E770071C1BB /* Products */,
				439DD0C3D8B87EEEC02652BC /* Pods */,
				FA817EDBDBF8563024BACAF0 /* Frameworks */,
			);
			sourceTree = "<group>";
		};
		FADEDB1124285E770071C1BB /* Products */ = {
			isa = PBXGroup;
			children = (
				FADEDB1024285E770071C1BB /* PENG-HA! Tube.app */,
				FADEDB2924285E7A0071C1BB /* Pengsoo-TubeTests.xctest */,
			);
			name = Products;
			sourceTree = "<group>";
		};
		FADEDB1224285E770071C1BB /* Pengsoo-Tube */ = {
			isa = PBXGroup;
			children = (
				FADEDB4B242871620071C1BB /* Common */,
				FADEDB39242866F70071C1BB /* View */,
				FADEDB3A242866FC0071C1BB /* ViewModel */,
				FADEDB38242866C20071C1BB /* Model */,
				FADEDB1324285E770071C1BB /* AppDelegate.swift */,
				FADEDB1524285E770071C1BB /* SceneDelegate.swift */,
				FADEDB1F24285E7A0071C1BB /* Assets.xcassets */,
				FADEDB2124285E7A0071C1BB /* LaunchScreen.storyboard */,
				FADEDB2424285E7A0071C1BB /* Info.plist */,
				FADEDB1C24285E770071C1BB /* Pengsoo_Tube.xcdatamodeld */,
			);
			path = "Pengsoo-Tube";
			sourceTree = "<group>";
		};
		FADEDB2C24285E7A0071C1BB /* Pengsoo-TubeTests */ = {
			isa = PBXGroup;
			children = (
				FADEDB4E242887730071C1BB /* Resources */,
				FAE11CFA2432E1C20077B5B2 /* PlayerViewModelTests.swift */,
				FA1A1670242AE79C00740ADE /* LibraryViewModelTests.swift */,
				FA1A1674242B169000740ADE /* LibraryDetailViewModelTests.swift */,
				FADEDB2D24285E7A0071C1BB /* HomeViewModelTests.swift */,
				FACBBC3F243C3F500023FB92 /* SplashViewModelTests.swift */,
				FADEDB2F24285E7A0071C1BB /* Info.plist */,
			);
			path = "Pengsoo-TubeTests";
			sourceTree = "<group>";
		};
		FADEDB38242866C20071C1BB /* Model */ = {
			isa = PBXGroup;
			children = (
				FACA4D1D2443F72000FFF859 /* Meme */,
				FAE11CF72432C8B30077B5B2 /* Player */,
				FAC58679243179290091F0E8 /* Library */,
				FAC58678243179250091F0E8 /* Home */,
				FACBBC41243C46AE0023FB92 /* Splash */,
			);
			path = Model;
			sourceTree = "<group>";
		};
		FADEDB39242866F70071C1BB /* View */ = {
			isa = PBXGroup;
			children = (
				FACA4D1E2443F72500FFF859 /* Meme */,
				FAE11CF52432C8A70077B5B2 /* Player */,
				FAC58675243178DC0091F0E8 /* Library */,
				FABC8E842431589D00038987 /* Home */,
				FA189DC2243AEB5900BE6234 /* Splash */,
				FAF5911F242CC13200EED00B /* ParentViewController.swift */,
				FADEDB1924285E770071C1BB /* Main.storyboard */,
			);
			path = View;
			sourceTree = "<group>";
		};
		FADEDB3A242866FC0071C1BB /* ViewModel */ = {
			isa = PBXGroup;
			children = (
				FACA4D1C2443F71400FFF859 /* Meme */,
				FAE11CF62432C8AE0077B5B2 /* Player */,
				FAC58677243178EF0091F0E8 /* Library */,
				FAC58676243178E80091F0E8 /* Home */,
				FACBBC39243C3B750023FB92 /* Splash */,
				FADEDB3D242868FB0071C1BB /* ViewModelDelegate.swift */,
				FACBBC3C243C3CD60023FB92 /* BaseViewModel.swift */,
			);
			path = ViewModel;
			sourceTree = "<group>";
		};
		FADEDB4B242871620071C1BB /* Common */ = {
			isa = PBXGroup;
			children = (
				FA1A63FF2434A20D00A3212E /* YoutubePlayerView */,
				FA2E529D2433FABF00966AB5 /* CustomAlerts */,
				FA13DC10242C7CE20031826A /* InsetLabel.swift */,
				FA727432244568D600CD7BD8 /* KUIViewController.swift */,
				FADEDB4C2428717A0071C1BB /* AppConstants.swift */,
				FAE95C71242D85B8003AD3AD /* Util.swift */,
			);
			path = Common;
			sourceTree = "<group>";
		};
		FADEDB4E242887730071C1BB /* Resources */ = {
			isa = PBXGroup;
			children = (
				FADEDB55242890DC0071C1BB /* pengsooList_page1.json */,
			);
			path = Resources;
			sourceTree = "<group>";
		};
		FAE11CF52432C8A70077B5B2 /* Player */ = {
			isa = PBXGroup;
			children = (
				FAF59121242CC9B100EED00B /* PlayerViewController.swift */,
				FA3E68DE243AD30B00A3EFD6 /* PlayerViewController+UITableViewDataSource.swift */,
				FA3E68DC243AD28000A3EFD6 /* PlayerViewController+UICollectionViewDataSource.swift */,
				FA90EC2C243DA9DC00E3F391 /* PlayerView.storyboard */,
			);
			path = Player;
			sourceTree = "<group>";
		};
		FAE11CF62432C8AE0077B5B2 /* Player */ = {
			isa = PBXGroup;
			children = (
				FAE11CF82432C8C50077B5B2 /* PlayerViewModel.swift */,
			);
			path = Player;
			sourceTree = "<group>";
		};
		FAE11CF72432C8B30077B5B2 /* Player */ = {
			isa = PBXGroup;
			children = (
				FAE11CF32432C3490077B5B2 /* VideoItemModel.swift */,
			);
			path = Player;
			sourceTree = "<group>";
		};
/* End PBXGroup section */

/* Begin PBXNativeTarget section */
		FADEDB0F24285E770071C1BB /* Pengsoo-Tube */ = {
			isa = PBXNativeTarget;
			buildConfigurationList = FADEDB3224285E7A0071C1BB /* Build configuration list for PBXNativeTarget "Pengsoo-Tube" */;
			buildPhases = (
				62C46E873FA55C097BC0F654 /* [CP] Check Pods Manifest.lock */,
				FADEDB0C24285E770071C1BB /* Sources */,
				FADEDB0D24285E770071C1BB /* Frameworks */,
				FADEDB0E24285E770071C1BB /* Resources */,
				54EDA5E8306F1CD7AC60BE98 /* [CP] Embed Pods Frameworks */,
			);
			buildRules = (
			);
			dependencies = (
			);
			name = "Pengsoo-Tube";
			productName = "Pengsoo-Tube";
			productReference = FADEDB1024285E770071C1BB /* PENG-HA! Tube.app */;
			productType = "com.apple.product-type.application";
		};
		FADEDB2824285E7A0071C1BB /* Pengsoo-TubeTests */ = {
			isa = PBXNativeTarget;
			buildConfigurationList = FADEDB3524285E7A0071C1BB /* Build configuration list for PBXNativeTarget "Pengsoo-TubeTests" */;
			buildPhases = (
				82698A5BB5737C846183F70D /* [CP] Check Pods Manifest.lock */,
				FADEDB2524285E7A0071C1BB /* Sources */,
				FADEDB2624285E7A0071C1BB /* Frameworks */,
				FADEDB2724285E7A0071C1BB /* Resources */,
				AE2CD301B3BAF358BFC1ED34 /* [CP] Embed Pods Frameworks */,
			);
			buildRules = (
			);
			dependencies = (
				FADEDB2B24285E7A0071C1BB /* PBXTargetDependency */,
			);
			name = "Pengsoo-TubeTests";
			productName = "Pengsoo-TubeTests";
			productReference = FADEDB2924285E7A0071C1BB /* Pengsoo-TubeTests.xctest */;
			productType = "com.apple.product-type.bundle.unit-test";
		};
/* End PBXNativeTarget section */

/* Begin PBXProject section */
		FADEDB0824285E770071C1BB /* Project object */ = {
			isa = PBXProject;
			attributes = {
				LastSwiftUpdateCheck = 1130;
				LastUpgradeCheck = 1130;
				ORGANIZATIONNAME = "Yejun Park";
				TargetAttributes = {
					FADEDB0F24285E770071C1BB = {
						CreatedOnToolsVersion = 11.3.1;
					};
					FADEDB2824285E7A0071C1BB = {
						CreatedOnToolsVersion = 11.3.1;
						TestTargetID = FADEDB0F24285E770071C1BB;
					};
				};
			};
			buildConfigurationList = FADEDB0B24285E770071C1BB /* Build configuration list for PBXProject "Pengsoo-Tube" */;
			compatibilityVersion = "Xcode 9.3";
			developmentRegion = en;
			hasScannedForEncodings = 0;
			knownRegions = (
				en,
				Base,
			);
			mainGroup = FADEDB0724285E770071C1BB;
			productRefGroup = FADEDB1124285E770071C1BB /* Products */;
			projectDirPath = "";
			projectRoot = "";
			targets = (
				FADEDB0F24285E770071C1BB /* Pengsoo-Tube */,
				FADEDB2824285E7A0071C1BB /* Pengsoo-TubeTests */,
			);
		};
/* End PBXProject section */

/* Begin PBXResourcesBuildPhase section */
		FADEDB0E24285E770071C1BB /* Resources */ = {
			isa = PBXResourcesBuildPhase;
			buildActionMask = 2147483647;
			files = (
				FADEDB2324285E7A0071C1BB /* LaunchScreen.storyboard in Resources */,
				FADB86842444750700DD24BD /* NewMemeView.storyboard in Resources */,
				FADB867624441D1E00DD24BD /* LibraryDetailView.storyboard in Resources */,
				FA90EC2F243DAC6600E3F391 /* HomeContentView.storyboard in Resources */,
				FADEDB2024285E7A0071C1BB /* Assets.xcassets in Resources */,
				FA90EC2D243DA9DD00E3F391 /* PlayerView.storyboard in Resources */,
				FADEDB1B24285E770071C1BB /* Main.storyboard in Resources */,
				FADB86782444211500DD24BD /* NewMemeFromVideosView.storyboard in Resources */,
				FA3E68E3243AE81100A3EFD6 /* SplashView.storyboard in Resources */,
			);
			runOnlyForDeploymentPostprocessing = 0;
		};
		FADEDB2724285E7A0071C1BB /* Resources */ = {
			isa = PBXResourcesBuildPhase;
			buildActionMask = 2147483647;
			files = (
				FADEDB58242890DC0071C1BB /* pengsooList_page1.json in Resources */,
			);
			runOnlyForDeploymentPostprocessing = 0;
		};
/* End PBXResourcesBuildPhase section */

/* Begin PBXShellScriptBuildPhase section */
		54EDA5E8306F1CD7AC60BE98 /* [CP] Embed Pods Frameworks */ = {
			isa = PBXShellScriptBuildPhase;
			buildActionMask = 2147483647;
			files = (
			);
			inputFileListPaths = (
				"${PODS_ROOT}/Target Support Files/Pods-Pengsoo-Tube/Pods-Pengsoo-Tube-frameworks-${CONFIGURATION}-input-files.xcfilelist",
			);
			name = "[CP] Embed Pods Frameworks";
			outputFileListPaths = (
				"${PODS_ROOT}/Target Support Files/Pods-Pengsoo-Tube/Pods-Pengsoo-Tube-frameworks-${CONFIGURATION}-output-files.xcfilelist",
			);
			runOnlyForDeploymentPostprocessing = 0;
			shellPath = /bin/sh;
			shellScript = "\"${PODS_ROOT}/Target Support Files/Pods-Pengsoo-Tube/Pods-Pengsoo-Tube-frameworks.sh\"\n";
			showEnvVarsInLog = 0;
		};
		62C46E873FA55C097BC0F654 /* [CP] Check Pods Manifest.lock */ = {
			isa = PBXShellScriptBuildPhase;
			buildActionMask = 2147483647;
			files = (
			);
			inputFileListPaths = (
			);
			inputPaths = (
				"${PODS_PODFILE_DIR_PATH}/Podfile.lock",
				"${PODS_ROOT}/Manifest.lock",
			);
			name = "[CP] Check Pods Manifest.lock";
			outputFileListPaths = (
			);
			outputPaths = (
				"$(DERIVED_FILE_DIR)/Pods-Pengsoo-Tube-checkManifestLockResult.txt",
			);
			runOnlyForDeploymentPostprocessing = 0;
			shellPath = /bin/sh;
			shellScript = "diff \"${PODS_PODFILE_DIR_PATH}/Podfile.lock\" \"${PODS_ROOT}/Manifest.lock\" > /dev/null\nif [ $? != 0 ] ; then\n    # print error to STDERR\n    echo \"error: The sandbox is not in sync with the Podfile.lock. Run 'pod install' or update your CocoaPods installation.\" >&2\n    exit 1\nfi\n# This output is used by Xcode 'outputs' to avoid re-running this script phase.\necho \"SUCCESS\" > \"${SCRIPT_OUTPUT_FILE_0}\"\n";
			showEnvVarsInLog = 0;
		};
		82698A5BB5737C846183F70D /* [CP] Check Pods Manifest.lock */ = {
			isa = PBXShellScriptBuildPhase;
			buildActionMask = 2147483647;
			files = (
			);
			inputFileListPaths = (
			);
			inputPaths = (
				"${PODS_PODFILE_DIR_PATH}/Podfile.lock",
				"${PODS_ROOT}/Manifest.lock",
			);
			name = "[CP] Check Pods Manifest.lock";
			outputFileListPaths = (
			);
			outputPaths = (
				"$(DERIVED_FILE_DIR)/Pods-Pengsoo-TubeTests-checkManifestLockResult.txt",
			);
			runOnlyForDeploymentPostprocessing = 0;
			shellPath = /bin/sh;
			shellScript = "diff \"${PODS_PODFILE_DIR_PATH}/Podfile.lock\" \"${PODS_ROOT}/Manifest.lock\" > /dev/null\nif [ $? != 0 ] ; then\n    # print error to STDERR\n    echo \"error: The sandbox is not in sync with the Podfile.lock. Run 'pod install' or update your CocoaPods installation.\" >&2\n    exit 1\nfi\n# This output is used by Xcode 'outputs' to avoid re-running this script phase.\necho \"SUCCESS\" > \"${SCRIPT_OUTPUT_FILE_0}\"\n";
			showEnvVarsInLog = 0;
		};
		AE2CD301B3BAF358BFC1ED34 /* [CP] Embed Pods Frameworks */ = {
			isa = PBXShellScriptBuildPhase;
			buildActionMask = 2147483647;
			files = (
			);
			inputFileListPaths = (
				"${PODS_ROOT}/Target Support Files/Pods-Pengsoo-TubeTests/Pods-Pengsoo-TubeTests-frameworks-${CONFIGURATION}-input-files.xcfilelist",
			);
			name = "[CP] Embed Pods Frameworks";
			outputFileListPaths = (
				"${PODS_ROOT}/Target Support Files/Pods-Pengsoo-TubeTests/Pods-Pengsoo-TubeTests-frameworks-${CONFIGURATION}-output-files.xcfilelist",
			);
			runOnlyForDeploymentPostprocessing = 0;
			shellPath = /bin/sh;
			shellScript = "\"${PODS_ROOT}/Target Support Files/Pods-Pengsoo-TubeTests/Pods-Pengsoo-TubeTests-frameworks.sh\"\n";
			showEnvVarsInLog = 0;
		};
/* End PBXShellScriptBuildPhase section */

/* Begin PBXSourcesBuildPhase section */
		FADEDB0C24285E770071C1BB /* Sources */ = {
			isa = PBXSourcesBuildPhase;
			buildActionMask = 2147483647;
			files = (
				FA3E68DF243AD30B00A3EFD6 /* PlayerViewController+UITableViewDataSource.swift in Sources */,
				FAE11CF2243292C90077B5B2 /* LibraryViewController.swift in Sources */,
				FA80722D24302A860050BC8D /* HomeTabBarCell.swift in Sources */,
				FA3E68E1243AE7A800A3EFD6 /* SplashViewController.swift in Sources */,
				FA22A7332435DD410051FAF7 /* Recent+CoreDataClass.swift in Sources */,
				FA22A7372435DD870051FAF7 /* Video+CoreDataProperties.swift in Sources */,
				FA1EFBCD24384D590022D6C6 /* YoutubeContentDetails.swift in Sources */,
				FA2E52B32433FABF00966AB5 /* UITextField+Extensions.swift in Sources */,
				FADEDB4A24286F100071C1BB /* YoutubeThumbnailModel.swift in Sources */,
				FADEDB4624286E130071C1BB /* YoutubeItemModel.swift in Sources */,
				FA22A7102435B76A0051FAF7 /* PlaylistModel.swift in Sources */,
				FA1A64022434A20D00A3212E /* YoutubePlayerView.swift in Sources */,
				FADEDB1824285E770071C1BB /* HomeViewController.swift in Sources */,
				FADB867C244426EF00DD24BD /* NewMemeFromVideosViewController.swift in Sources */,
				FA2E52AF2433FABF00966AB5 /* UIView+Extensions.swift in Sources */,
				FAD709F32429B14200E48D31 /* BrandingSettingsModel.swift in Sources */,
				FADEDB3E242868FB0071C1BB /* ViewModelDelegate.swift in Sources */,
				FA015DEE242C6A15007CBDBC /* HomeTableViewCell.swift in Sources */,
				FA22A7382435DD870051FAF7 /* Video+CoreDataClass.swift in Sources */,
				FA2E52BB2434006400966AB5 /* UIAlertController+Extensions.swift in Sources */,
				FA80722F243031860050BC8D /* HomeContentViewController.swift in Sources */,
				FA1A1673242B099400740ADE /* LibraryDetailViewModel.swift in Sources */,
				FA2E52C5243400DF00966AB5 /* TextField.swift in Sources */,
				FAF59120242CC13200EED00B /* ParentViewController.swift in Sources */,
				FA727433244568D600CD7BD8 /* KUIViewController.swift in Sources */,
				FA2E52B42433FABF00966AB5 /* OneTextFieldViewController.swift in Sources */,
				FAE11CEE243292A20077B5B2 /* LibraryCollectionViewCell.swift in Sources */,
				FADEDB4824286F040071C1BB /* YoutubeThumbnailsModel.swift in Sources */,
				FAE11CF0243292B70077B5B2 /* LibraryTableViewCell.swift in Sources */,
				FA1A64032434A20D00A3212E /* YoutubePlayerExtras.swift in Sources */,
				FADB867E244428AC00DD24BD /* NewMemeFromVideosContentViewController.swift in Sources */,
				FA60397F24346ED700CE4659 /* LibraryDetailTableViewCell.swift in Sources */,
				FADB86872444758500DD24BD /* NewMemeViewController.swift in Sources */,
				FAE11CF42432C3490077B5B2 /* VideoItemModel.swift in Sources */,
				FACBBC3D243C3CD60023FB92 /* BaseViewModel.swift in Sources */,
				FAE95C72242D85B8003AD3AD /* Util.swift in Sources */,
				FA2E52C92434502500966AB5 /* LibraryDetailViewController.swift in Sources */,
				FADEDB4424286CE60071C1BB /* YoutubeVideoIdModel.swift in Sources */,
				FAF59122242CC9B100EED00B /* PlayerViewController.swift in Sources */,
				FA13DC11242C7CE20031826A /* InsetLabel.swift in Sources */,
				FA22A72F2435DD410051FAF7 /* Playlist+CoreDataClass.swift in Sources */,
				FADEDB1424285E770071C1BB /* AppDelegate.swift in Sources */,
				FADEDB4024286A6D0071C1BB /* YoutubeListModel.swift in Sources */,
				FADEDB1624285E770071C1BB /* SceneDelegate.swift in Sources */,
				FACA4D202443F76B00FFF859 /* MemeViewController.swift in Sources */,
				FAE11CF92432C8C50077B5B2 /* PlayerViewModel.swift in Sources */,
				FADEDB3C242868A20071C1BB /* HomeViewModel.swift in Sources */,
				FAD709F12429B11300E48D31 /* HeaderImageModel.swift in Sources */,
				FADEDB4D2428717A0071C1BB /* AppConstants.swift in Sources */,
				FADEDB4224286AD60071C1BB /* YoutubeSnippetModel.swift in Sources */,
				FADEDB1E24285E770071C1BB /* Pengsoo_Tube.xcdatamodeld in Sources */,
				FA1A162F2429FD6D00740ADE /* LibraryViewModel.swift in Sources */,
				FA22A7302435DD410051FAF7 /* Playlist+CoreDataProperties.swift in Sources */,
				FACBBC3B243C3B980023FB92 /* SplashViewModel.swift in Sources */,
				FA22A7342435DD410051FAF7 /* Recent+CoreDataProperties.swift in Sources */,
				FADB86802444340C00DD24BD /* NewMemePickedVideoViewController.swift in Sources */,
				FA22A7322435DD410051FAF7 /* PlaylistVideo+CoreDataClass.swift in Sources */,
				FA22A7312435DD410051FAF7 /* PlaylistVideo+CoreDataProperties.swift in Sources */,
				FA3E68DD243AD28000A3EFD6 /* PlayerViewController+UICollectionViewDataSource.swift in Sources */,
			);
			runOnlyForDeploymentPostprocessing = 0;
		};
		FADEDB2524285E7A0071C1BB /* Sources */ = {
			isa = PBXSourcesBuildPhase;
			buildActionMask = 2147483647;
			files = (
				FADEDB2E24285E7A0071C1BB /* HomeViewModelTests.swift in Sources */,
				FAE11CFB2432E1C20077B5B2 /* PlayerViewModelTests.swift in Sources */,
				FA1A1675242B169000740ADE /* LibraryDetailViewModelTests.swift in Sources */,
				FA1A1671242AE79C00740ADE /* LibraryViewModelTests.swift in Sources */,
				FACBBC40243C3F500023FB92 /* SplashViewModelTests.swift in Sources */,
			);
			runOnlyForDeploymentPostprocessing = 0;
		};
/* End PBXSourcesBuildPhase section */

/* Begin PBXTargetDependency section */
		FADEDB2B24285E7A0071C1BB /* PBXTargetDependency */ = {
			isa = PBXTargetDependency;
			target = FADEDB0F24285E770071C1BB /* Pengsoo-Tube */;
			targetProxy = FADEDB2A24285E7A0071C1BB /* PBXContainerItemProxy */;
		};
/* End PBXTargetDependency section */

/* Begin PBXVariantGroup section */
		FADEDB1924285E770071C1BB /* Main.storyboard */ = {
			isa = PBXVariantGroup;
			children = (
				FADEDB1A24285E770071C1BB /* Base */,
			);
			name = Main.storyboard;
			sourceTree = "<group>";
		};
		FADEDB2124285E7A0071C1BB /* LaunchScreen.storyboard */ = {
			isa = PBXVariantGroup;
			children = (
				FADEDB2224285E7A0071C1BB /* Base */,
			);
			name = LaunchScreen.storyboard;
			sourceTree = "<group>";
		};
/* End PBXVariantGroup section */

/* Begin XCBuildConfiguration section */
		FADEDB3024285E7A0071C1BB /* Debug */ = {
			isa = XCBuildConfiguration;
			buildSettings = {
				ALWAYS_SEARCH_USER_PATHS = NO;
				CLANG_ANALYZER_NONNULL = YES;
				CLANG_ANALYZER_NUMBER_OBJECT_CONVERSION = YES_AGGRESSIVE;
				CLANG_CXX_LANGUAGE_STANDARD = "gnu++14";
				CLANG_CXX_LIBRARY = "libc++";
				CLANG_ENABLE_MODULES = YES;
				CLANG_ENABLE_OBJC_ARC = YES;
				CLANG_ENABLE_OBJC_WEAK = YES;
				CLANG_WARN_BLOCK_CAPTURE_AUTORELEASING = YES;
				CLANG_WARN_BOOL_CONVERSION = YES;
				CLANG_WARN_COMMA = YES;
				CLANG_WARN_CONSTANT_CONVERSION = YES;
				CLANG_WARN_DEPRECATED_OBJC_IMPLEMENTATIONS = YES;
				CLANG_WARN_DIRECT_OBJC_ISA_USAGE = YES_ERROR;
				CLANG_WARN_DOCUMENTATION_COMMENTS = YES;
				CLANG_WARN_EMPTY_BODY = YES;
				CLANG_WARN_ENUM_CONVERSION = YES;
				CLANG_WARN_INFINITE_RECURSION = YES;
				CLANG_WARN_INT_CONVERSION = YES;
				CLANG_WARN_NON_LITERAL_NULL_CONVERSION = YES;
				CLANG_WARN_OBJC_IMPLICIT_RETAIN_SELF = YES;
				CLANG_WARN_OBJC_LITERAL_CONVERSION = YES;
				CLANG_WARN_OBJC_ROOT_CLASS = YES_ERROR;
				CLANG_WARN_RANGE_LOOP_ANALYSIS = YES;
				CLANG_WARN_STRICT_PROTOTYPES = YES;
				CLANG_WARN_SUSPICIOUS_MOVE = YES;
				CLANG_WARN_UNGUARDED_AVAILABILITY = YES_AGGRESSIVE;
				CLANG_WARN_UNREACHABLE_CODE = YES;
				CLANG_WARN__DUPLICATE_METHOD_MATCH = YES;
				COPY_PHASE_STRIP = NO;
				DEBUG_INFORMATION_FORMAT = dwarf;
				ENABLE_STRICT_OBJC_MSGSEND = YES;
				ENABLE_TESTABILITY = YES;
				GCC_C_LANGUAGE_STANDARD = gnu11;
				GCC_DYNAMIC_NO_PIC = NO;
				GCC_NO_COMMON_BLOCKS = YES;
				GCC_OPTIMIZATION_LEVEL = 0;
				GCC_PREPROCESSOR_DEFINITIONS = (
					"DEBUG=1",
					"$(inherited)",
				);
				GCC_WARN_64_TO_32_BIT_CONVERSION = YES;
				GCC_WARN_ABOUT_RETURN_TYPE = YES_ERROR;
				GCC_WARN_UNDECLARED_SELECTOR = YES;
				GCC_WARN_UNINITIALIZED_AUTOS = YES_AGGRESSIVE;
				GCC_WARN_UNUSED_FUNCTION = YES;
				GCC_WARN_UNUSED_VARIABLE = YES;
				IPHONEOS_DEPLOYMENT_TARGET = 13.0;
				MTL_ENABLE_DEBUG_INFO = INCLUDE_SOURCE;
				MTL_FAST_MATH = YES;
				ONLY_ACTIVE_ARCH = YES;
				SDKROOT = iphoneos;
				SWIFT_ACTIVE_COMPILATION_CONDITIONS = DEBUG;
				SWIFT_OPTIMIZATION_LEVEL = "-Onone";
			};
			name = Debug;
		};
		FADEDB3124285E7A0071C1BB /* Release */ = {
			isa = XCBuildConfiguration;
			buildSettings = {
				ALWAYS_SEARCH_USER_PATHS = NO;
				CLANG_ANALYZER_NONNULL = YES;
				CLANG_ANALYZER_NUMBER_OBJECT_CONVERSION = YES_AGGRESSIVE;
				CLANG_CXX_LANGUAGE_STANDARD = "gnu++14";
				CLANG_CXX_LIBRARY = "libc++";
				CLANG_ENABLE_MODULES = YES;
				CLANG_ENABLE_OBJC_ARC = YES;
				CLANG_ENABLE_OBJC_WEAK = YES;
				CLANG_WARN_BLOCK_CAPTURE_AUTORELEASING = YES;
				CLANG_WARN_BOOL_CONVERSION = YES;
				CLANG_WARN_COMMA = YES;
				CLANG_WARN_CONSTANT_CONVERSION = YES;
				CLANG_WARN_DEPRECATED_OBJC_IMPLEMENTATIONS = YES;
				CLANG_WARN_DIRECT_OBJC_ISA_USAGE = YES_ERROR;
				CLANG_WARN_DOCUMENTATION_COMMENTS = YES;
				CLANG_WARN_EMPTY_BODY = YES;
				CLANG_WARN_ENUM_CONVERSION = YES;
				CLANG_WARN_INFINITE_RECURSION = YES;
				CLANG_WARN_INT_CONVERSION = YES;
				CLANG_WARN_NON_LITERAL_NULL_CONVERSION = YES;
				CLANG_WARN_OBJC_IMPLICIT_RETAIN_SELF = YES;
				CLANG_WARN_OBJC_LITERAL_CONVERSION = YES;
				CLANG_WARN_OBJC_ROOT_CLASS = YES_ERROR;
				CLANG_WARN_RANGE_LOOP_ANALYSIS = YES;
				CLANG_WARN_STRICT_PROTOTYPES = YES;
				CLANG_WARN_SUSPICIOUS_MOVE = YES;
				CLANG_WARN_UNGUARDED_AVAILABILITY = YES_AGGRESSIVE;
				CLANG_WARN_UNREACHABLE_CODE = YES;
				CLANG_WARN__DUPLICATE_METHOD_MATCH = YES;
				COPY_PHASE_STRIP = NO;
				DEBUG_INFORMATION_FORMAT = "dwarf-with-dsym";
				ENABLE_NS_ASSERTIONS = NO;
				ENABLE_STRICT_OBJC_MSGSEND = YES;
				GCC_C_LANGUAGE_STANDARD = gnu11;
				GCC_NO_COMMON_BLOCKS = YES;
				GCC_WARN_64_TO_32_BIT_CONVERSION = YES;
				GCC_WARN_ABOUT_RETURN_TYPE = YES_ERROR;
				GCC_WARN_UNDECLARED_SELECTOR = YES;
				GCC_WARN_UNINITIALIZED_AUTOS = YES_AGGRESSIVE;
				GCC_WARN_UNUSED_FUNCTION = YES;
				GCC_WARN_UNUSED_VARIABLE = YES;
				IPHONEOS_DEPLOYMENT_TARGET = 13.0;
				MTL_ENABLE_DEBUG_INFO = NO;
				MTL_FAST_MATH = YES;
				SDKROOT = iphoneos;
				SWIFT_COMPILATION_MODE = wholemodule;
				SWIFT_OPTIMIZATION_LEVEL = "-O";
				VALIDATE_PRODUCT = YES;
			};
			name = Release;
		};
		FADEDB3324285E7A0071C1BB /* Debug */ = {
			isa = XCBuildConfiguration;
			baseConfigurationReference = C47C63B31EBCC4E6A750E899 /* Pods-Pengsoo-Tube.debug.xcconfig */;
			buildSettings = {
				ASSETCATALOG_COMPILER_APPICON_NAME = AppIcon;
				CODE_SIGN_STYLE = Automatic;
				DEVELOPMENT_TEAM = B78Z6M42G4;
				INFOPLIST_FILE = "Pengsoo-Tube/Info.plist";
				LD_RUNPATH_SEARCH_PATHS = (
					"$(inherited)",
					"@executable_path/Frameworks",
				);
				PRODUCT_BUNDLE_IDENTIFIER = "kr.dogfeetguyz.Pengsoo-Tube";
				PRODUCT_NAME = "PENG-HA! Tube";
				SWIFT_VERSION = 5.0;
				TARGETED_DEVICE_FAMILY = 1;
				TVOS_DEPLOYMENT_TARGET = 13.0;
			};
			name = Debug;
		};
		FADEDB3424285E7A0071C1BB /* Release */ = {
			isa = XCBuildConfiguration;
			baseConfigurationReference = E703FF0BF36D7A707D6614CE /* Pods-Pengsoo-Tube.release.xcconfig */;
			buildSettings = {
				ASSETCATALOG_COMPILER_APPICON_NAME = AppIcon;
				CODE_SIGN_STYLE = Automatic;
				DEVELOPMENT_TEAM = B78Z6M42G4;
				INFOPLIST_FILE = "Pengsoo-Tube/Info.plist";
				LD_RUNPATH_SEARCH_PATHS = (
					"$(inherited)",
					"@executable_path/Frameworks",
				);
				PRODUCT_BUNDLE_IDENTIFIER = "kr.dogfeetguyz.Pengsoo-Tube";
				PRODUCT_NAME = "PENG-HA! Tube";
				SWIFT_VERSION = 5.0;
				TARGETED_DEVICE_FAMILY = 1;
				TVOS_DEPLOYMENT_TARGET = 13.0;
			};
			name = Release;
		};
		FADEDB3624285E7A0071C1BB /* Debug */ = {
			isa = XCBuildConfiguration;
			baseConfigurationReference = B12FCB09F2BAC94E7CF20721 /* Pods-Pengsoo-TubeTests.debug.xcconfig */;
			buildSettings = {
				ALWAYS_EMBED_SWIFT_STANDARD_LIBRARIES = YES;
				BUNDLE_LOADER = "$(TEST_HOST)";
				CODE_SIGN_STYLE = Automatic;
				DEVELOPMENT_TEAM = B78Z6M42G4;
				INFOPLIST_FILE = "Pengsoo-TubeTests/Info.plist";
				IPHONEOS_DEPLOYMENT_TARGET = 13.0;
				LD_RUNPATH_SEARCH_PATHS = (
					"$(inherited)",
					"@executable_path/Frameworks",
					"@loader_path/Frameworks",
				);
				PRODUCT_BUNDLE_IDENTIFIER = "kr.dogfeetguyz.Pengsoo-TubeTests";
				PRODUCT_NAME = "$(TARGET_NAME)";
				SWIFT_VERSION = 5.0;
				TARGETED_DEVICE_FAMILY = "1,2";
				TEST_HOST = "$(BUILT_PRODUCTS_DIR)/PENG-HA! Tube.app/PENG-HA! Tube";
				TVOS_DEPLOYMENT_TARGET = 13.0;
			};
			name = Debug;
		};
		FADEDB3724285E7A0071C1BB /* Release */ = {
			isa = XCBuildConfiguration;
			baseConfigurationReference = 6A42FF04C5E71F3D1C1BE289 /* Pods-Pengsoo-TubeTests.release.xcconfig */;
			buildSettings = {
				ALWAYS_EMBED_SWIFT_STANDARD_LIBRARIES = YES;
				BUNDLE_LOADER = "$(TEST_HOST)";
				CODE_SIGN_STYLE = Automatic;
				DEVELOPMENT_TEAM = B78Z6M42G4;
				INFOPLIST_FILE = "Pengsoo-TubeTests/Info.plist";
				IPHONEOS_DEPLOYMENT_TARGET = 13.0;
				LD_RUNPATH_SEARCH_PATHS = (
					"$(inherited)",
					"@executable_path/Frameworks",
					"@loader_path/Frameworks",
				);
				PRODUCT_BUNDLE_IDENTIFIER = "kr.dogfeetguyz.Pengsoo-TubeTests";
				PRODUCT_NAME = "$(TARGET_NAME)";
				SWIFT_VERSION = 5.0;
				TARGETED_DEVICE_FAMILY = "1,2";
				TEST_HOST = "$(BUILT_PRODUCTS_DIR)/PENG-HA! Tube.app/PENG-HA! Tube";
				TVOS_DEPLOYMENT_TARGET = 13.0;
			};
			name = Release;
		};
/* End XCBuildConfiguration section */

/* Begin XCConfigurationList section */
		FADEDB0B24285E770071C1BB /* Build configuration list for PBXProject "Pengsoo-Tube" */ = {
			isa = XCConfigurationList;
			buildConfigurations = (
				FADEDB3024285E7A0071C1BB /* Debug */,
				FADEDB3124285E7A0071C1BB /* Release */,
			);
			defaultConfigurationIsVisible = 0;
			defaultConfigurationName = Release;
		};
		FADEDB3224285E7A0071C1BB /* Build configuration list for PBXNativeTarget "Pengsoo-Tube" */ = {
			isa = XCConfigurationList;
			buildConfigurations = (
				FADEDB3324285E7A0071C1BB /* Debug */,
				FADEDB3424285E7A0071C1BB /* Release */,
			);
			defaultConfigurationIsVisible = 0;
			defaultConfigurationName = Release;
		};
		FADEDB3524285E7A0071C1BB /* Build configuration list for PBXNativeTarget "Pengsoo-TubeTests" */ = {
			isa = XCConfigurationList;
			buildConfigurations = (
				FADEDB3624285E7A0071C1BB /* Debug */,
				FADEDB3724285E7A0071C1BB /* Release */,
			);
			defaultConfigurationIsVisible = 0;
			defaultConfigurationName = Release;
		};
/* End XCConfigurationList section */

/* Begin XCVersionGroup section */
		FADEDB1C24285E770071C1BB /* Pengsoo_Tube.xcdatamodeld */ = {
			isa = XCVersionGroup;
			children = (
				FADEDB1D24285E770071C1BB /* Pengsoo_Tube.xcdatamodel */,
			);
			currentVersion = FADEDB1D24285E770071C1BB /* Pengsoo_Tube.xcdatamodel */;
			path = Pengsoo_Tube.xcdatamodeld;
			sourceTree = "<group>";
			versionGroupType = wrapper.xcdatamodel;
		};
/* End XCVersionGroup section */
	};
	rootObject = FADEDB0824285E770071C1BB /* Project object */;
}
